Microsoft Visual Studio Solution File, Format Version 12.00
# Visual Studio 2013
Project("{8BC9CEB8-8B4A-11D0-8D11-00A0C91BC942}") = "ALL_BUILD", "ALL_BUILD.vcxproj", "{4ACB8C1F-A14D-4090-8544-37A8088A9CCE}"
	ProjectSection(ProjectDependencies) = postProject
		{887A9756-0EFA-4384-AE80-1731455E2A95} = {887A9756-0EFA-4384-AE80-1731455E2A95}
		{D32BD724-FDB7-4F8C-9B6E-0D6EFAFB15E4} = {D32BD724-FDB7-4F8C-9B6E-0D6EFAFB15E4}
		{98FE2779-7215-43C0-934B-65B14557EC66} = {98FE2779-7215-43C0-934B-65B14557EC66}
		{A613E426-D73C-4C97-9E07-F4B23FE6A181} = {A613E426-D73C-4C97-9E07-F4B23FE6A181}
		{7274C3BE-2234-4D3B-B6ED-F73F2C5BBB0F} = {7274C3BE-2234-4D3B-B6ED-F73F2C5BBB0F}
		{2841A2DB-F02B-4254-8D97-598038FAF886} = {2841A2DB-F02B-4254-8D97-598038FAF886}
	EndProjectSection
EndProject
Project("{8BC9CEB8-8B4A-11D0-8D11-00A0C91BC942}") = "INSTALL", "INSTALL.vcxproj", "{13C4347A-21FF-47AE-89F6-2889B10C9E1A}"
	ProjectSection(ProjectDependencies) = postProject
		{4ACB8C1F-A14D-4090-8544-37A8088A9CCE} = {4ACB8C1F-A14D-4090-8544-37A8088A9CCE}
	EndProjectSection
EndProject
Project("{8BC9CEB8-8B4A-11D0-8D11-00A0C91BC942}") = "OpenThreads", "..\src\OpenThreads\win32\OpenThreads.vcxproj", "{76E843B0-1573-44DD-AEE5-24FDA3AC751A}"
	ProjectSection(ProjectDependencies) = postProject
		{6955FADA-0134-40A7-A79C-BB9C2EA3D8B4} = {6955FADA-0134-40A7-A79C-BB9C2EA3D8B4}
	EndProjectSection
EndProject
Project("{8BC9CEB8-8B4A-11D0-8D11-00A0C91BC942}") = "ZERO_CHECK", "..\ZERO_CHECK.vcxproj", "{6955FADA-0134-40A7-A79C-BB9C2EA3D8B4}"
	ProjectSection(ProjectDependencies) = postProject
	EndProjectSection
EndProject
Project("{8BC9CEB8-8B4A-11D0-8D11-00A0C91BC942}") = "application_osgarchive", "osgarchive\application_osgarchive.vcxproj", "{887A9756-0EFA-4384-AE80-1731455E2A95}"
	ProjectSection(ProjectDependencies) = postProject
		{76E843B0-1573-44DD-AEE5-24FDA3AC751A} = {76E843B0-1573-44DD-AEE5-24FDA3AC751A}
		{6955FADA-0134-40A7-A79C-BB9C2EA3D8B4} = {6955FADA-0134-40A7-A79C-BB9C2EA3D8B4}
		{E97A06EA-2E0B-4EC2-BD5E-3565D39D235C} = {E97A06EA-2E0B-4EC2-BD5E-3565D39D235C}
		{01234B51-0E5E-4132-AE72-1BF14DBE7F97} = {01234B51-0E5E-4132-AE72-1BF14DBE7F97}
		{0868C706-D966-453F-9FDC-BAF68B0EA6E6} = {0868C706-D966-453F-9FDC-BAF68B0EA6E6}
		{DE44FF30-BBAD-44BC-A3E9-715DE61F9462} = {DE44FF30-BBAD-44BC-A3E9-715DE61F9462}
		{D6C1FAD9-EF16-4C63-B52A-1DE420EF042F} = {D6C1FAD9-EF16-4C63-B52A-1DE420EF042F}
		{4A56AD7A-C887-48EC-BB2E-212E2D5EA976} = {4A56AD7A-C887-48EC-BB2E-212E2D5EA976}
	EndProjectSection
EndProject
Project("{8BC9CEB8-8B4A-11D0-8D11-00A0C91BC942}") = "application_osgconv", "osgconv\application_osgconv.vcxproj", "{D32BD724-FDB7-4F8C-9B6E-0D6EFAFB15E4}"
	ProjectSection(ProjectDependencies) = postProject
		{76E843B0-1573-44DD-AEE5-24FDA3AC751A} = {76E843B0-1573-44DD-AEE5-24FDA3AC751A}
		{6955FADA-0134-40A7-A79C-BB9C2EA3D8B4} = {6955FADA-0134-40A7-A79C-BB9C2EA3D8B4}
		{E97A06EA-2E0B-4EC2-BD5E-3565D39D235C} = {E97A06EA-2E0B-4EC2-BD5E-3565D39D235C}
		{01234B51-0E5E-4132-AE72-1BF14DBE7F97} = {01234B51-0E5E-4132-AE72-1BF14DBE7F97}
		{0868C706-D966-453F-9FDC-BAF68B0EA6E6} = {0868C706-D966-453F-9FDC-BAF68B0EA6E6}
		{DE44FF30-BBAD-44BC-A3E9-715DE61F9462} = {DE44FF30-BBAD-44BC-A3E9-715DE61F9462}
		{D6C1FAD9-EF16-4C63-B52A-1DE420EF042F} = {D6C1FAD9-EF16-4C63-B52A-1DE420EF042F}
		{4A56AD7A-C887-48EC-BB2E-212E2D5EA976} = {4A56AD7A-C887-48EC-BB2E-212E2D5EA976}
	EndProjectSection
EndProject
Project("{8BC9CEB8-8B4A-11D0-8D11-00A0C91BC942}") = "application_osgfilecache", "osgfilecache\application_osgfilecache.vcxproj", "{98FE2779-7215-43C0-934B-65B14557EC66}"
	ProjectSection(ProjectDependencies) = postProject
		{76E843B0-1573-44DD-AEE5-24FDA3AC751A} = {76E843B0-1573-44DD-AEE5-24FDA3AC751A}
		{6955FADA-0134-40A7-A79C-BB9C2EA3D8B4} = {6955FADA-0134-40A7-A79C-BB9C2EA3D8B4}
		{E97A06EA-2E0B-4EC2-BD5E-3565D39D235C} = {E97A06EA-2E0B-4EC2-BD5E-3565D39D235C}
		{01234B51-0E5E-4132-AE72-1BF14DBE7F97} = {01234B51-0E5E-4132-AE72-1BF14DBE7F97}
		{0868C706-D966-453F-9FDC-BAF68B0EA6E6} = {0868C706-D966-453F-9FDC-BAF68B0EA6E6}
		{4518FCA3-4A8D-45FA-B8F2-E48F28804477} = {4518FCA3-4A8D-45FA-B8F2-E48F28804477}
		{DE44FF30-BBAD-44BC-A3E9-715DE61F9462} = {DE44FF30-BBAD-44BC-A3E9-715DE61F9462}
		{D6C1FAD9-EF16-4C63-B52A-1DE420EF042F} = {D6C1FAD9-EF16-4C63-B52A-1DE420EF042F}
		{4A56AD7A-C887-48EC-BB2E-212E2D5EA976} = {4A56AD7A-C887-48EC-BB2E-212E2D5EA976}
	EndProjectSection
EndProject
Project("{8BC9CEB8-8B4A-11D0-8D11-00A0C91BC942}") = "application_osgversion", "osgversion\application_osgversion.vcxproj", "{A613E426-D73C-4C97-9E07-F4B23FE6A181}"
	ProjectSection(ProjectDependencies) = postProject
		{76E843B0-1573-44DD-AEE5-24FDA3AC751A} = {76E843B0-1573-44DD-AEE5-24FDA3AC751A}
		{6955FADA-0134-40A7-A79C-BB9C2EA3D8B4} = {6955FADA-0134-40A7-A79C-BB9C2EA3D8B4}
		{E97A06EA-2E0B-4EC2-BD5E-3565D39D235C} = {E97A06EA-2E0B-4EC2-BD5E-3565D39D235C}
		{01234B51-0E5E-4132-AE72-1BF14DBE7F97} = {01234B51-0E5E-4132-AE72-1BF14DBE7F97}
		{D6C1FAD9-EF16-4C63-B52A-1DE420EF042F} = {D6C1FAD9-EF16-4C63-B52A-1DE420EF042F}
	EndProjectSection
EndProject
Project("{8BC9CEB8-8B4A-11D0-8D11-00A0C91BC942}") = "application_osgviewer", "osgviewer\application_osgviewer.vcxproj", "{7274C3BE-2234-4D3B-B6ED-F73F2C5BBB0F}"
	ProjectSection(ProjectDependencies) = postProject
		{76E843B0-1573-44DD-AEE5-24FDA3AC751A} = {76E843B0-1573-44DD-AEE5-24FDA3AC751A}
		{6955FADA-0134-40A7-A79C-BB9C2EA3D8B4} = {6955FADA-0134-40A7-A79C-BB9C2EA3D8B4}
		{E97A06EA-2E0B-4EC2-BD5E-3565D39D235C} = {E97A06EA-2E0B-4EC2-BD5E-3565D39D235C}
		{01234B51-0E5E-4132-AE72-1BF14DBE7F97} = {01234B51-0E5E-4132-AE72-1BF14DBE7F97}
		{0868C706-D966-453F-9FDC-BAF68B0EA6E6} = {0868C706-D966-453F-9FDC-BAF68B0EA6E6}
		{DE44FF30-BBAD-44BC-A3E9-715DE61F9462} = {DE44FF30-BBAD-44BC-A3E9-715DE61F9462}
		{D6C1FAD9-EF16-4C63-B52A-1DE420EF042F} = {D6C1FAD9-EF16-4C63-B52A-1DE420EF042F}
		{4A56AD7A-C887-48EC-BB2E-212E2D5EA976} = {4A56AD7A-C887-48EC-BB2E-212E2D5EA976}
	EndProjectSection
EndProject
Project("{8BC9CEB8-8B4A-11D0-8D11-00A0C91BC942}") = "application_present3D", "present3D\application_present3D.vcxproj", "{2841A2DB-F02B-4254-8D97-598038FAF886}"
	ProjectSection(ProjectDependencies) = postProject
		{76E843B0-1573-44DD-AEE5-24FDA3AC751A} = {76E843B0-1573-44DD-AEE5-24FDA3AC751A}
		{6955FADA-0134-40A7-A79C-BB9C2EA3D8B4} = {6955FADA-0134-40A7-A79C-BB9C2EA3D8B4}
		{E97A06EA-2E0B-4EC2-BD5E-3565D39D235C} = {E97A06EA-2E0B-4EC2-BD5E-3565D39D235C}
		{01234B51-0E5E-4132-AE72-1BF14DBE7F97} = {01234B51-0E5E-4132-AE72-1BF14DBE7F97}
		{1EAD039F-30EC-44AB-98D5-833C7209B72A} = {1EAD039F-30EC-44AB-98D5-833C7209B72A}
		{0868C706-D966-453F-9FDC-BAF68B0EA6E6} = {0868C706-D966-453F-9FDC-BAF68B0EA6E6}
		{636B9EEA-3AA8-4AC1-850E-428B9253D883} = {636B9EEA-3AA8-4AC1-850E-428B9253D883}
		{44C1B4BA-9EED-457E-98B0-94157DE4695C} = {44C1B4BA-9EED-457E-98B0-94157DE4695C}
		{DE44FF30-BBAD-44BC-A3E9-715DE61F9462} = {DE44FF30-BBAD-44BC-A3E9-715DE61F9462}
		{3BC279A7-5247-401D-946B-1F7739390950} = {3BC279A7-5247-401D-946B-1F7739390950}
		{D6C1FAD9-EF16-4C63-B52A-1DE420EF042F} = {D6C1FAD9-EF16-4C63-B52A-1DE420EF042F}
		{4A56AD7A-C887-48EC-BB2E-212E2D5EA976} = {4A56AD7A-C887-48EC-BB2E-212E2D5EA976}
		{C3204CBD-7A33-4916-BC97-D5257F85E483} = {C3204CBD-7A33-4916-BC97-D5257F85E483}
		{12277BFF-C6E7-414F-A07A-4591D95D89C4} = {12277BFF-C6E7-414F-A07A-4591D95D89C4}
	EndProjectSection
EndProject
Project("{8BC9CEB8-8B4A-11D0-8D11-00A0C91BC942}") = "osg", "..\src\osg\osg.vcxproj", "{E97A06EA-2E0B-4EC2-BD5E-3565D39D235C}"
	ProjectSection(ProjectDependencies) = postProject
		{76E843B0-1573-44DD-AEE5-24FDA3AC751A} = {76E843B0-1573-44DD-AEE5-24FDA3AC751A}
		{6955FADA-0134-40A7-A79C-BB9C2EA3D8B4} = {6955FADA-0134-40A7-A79C-BB9C2EA3D8B4}
	EndProjectSection
EndProject
Project("{8BC9CEB8-8B4A-11D0-8D11-00A0C91BC942}") = "osgDB", "..\src\osgDB\osgDB.vcxproj", "{01234B51-0E5E-4132-AE72-1BF14DBE7F97}"
	ProjectSection(ProjectDependencies) = postProject
		{76E843B0-1573-44DD-AEE5-24FDA3AC751A} = {76E843B0-1573-44DD-AEE5-24FDA3AC751A}
		{6955FADA-0134-40A7-A79C-BB9C2EA3D8B4} = {6955FADA-0134-40A7-A79C-BB9C2EA3D8B4}
		{E97A06EA-2E0B-4EC2-BD5E-3565D39D235C} = {E97A06EA-2E0B-4EC2-BD5E-3565D39D235C}
		{D6C1FAD9-EF16-4C63-B52A-1DE420EF042F} = {D6C1FAD9-EF16-4C63-B52A-1DE420EF042F}
	EndProjectSection
EndProject
Project("{8BC9CEB8-8B4A-11D0-8D11-00A0C91BC942}") = "osgFX", "..\src\osgFX\osgFX.vcxproj", "{1EAD039F-30EC-44AB-98D5-833C7209B72A}"
	ProjectSection(ProjectDependencies) = postProject
		{76E843B0-1573-44DD-AEE5-24FDA3AC751A} = {76E843B0-1573-44DD-AEE5-24FDA3AC751A}
		{6955FADA-0134-40A7-A79C-BB9C2EA3D8B4} = {6955FADA-0134-40A7-A79C-BB9C2EA3D8B4}
		{E97A06EA-2E0B-4EC2-BD5E-3565D39D235C} = {E97A06EA-2E0B-4EC2-BD5E-3565D39D235C}
		{01234B51-0E5E-4132-AE72-1BF14DBE7F97} = {01234B51-0E5E-4132-AE72-1BF14DBE7F97}
		{D6C1FAD9-EF16-4C63-B52A-1DE420EF042F} = {D6C1FAD9-EF16-4C63-B52A-1DE420EF042F}
	EndProjectSection
EndProject
Project("{8BC9CEB8-8B4A-11D0-8D11-00A0C91BC942}") = "osgGA", "..\src\osgGA\osgGA.vcxproj", "{0868C706-D966-453F-9FDC-BAF68B0EA6E6}"
	ProjectSection(ProjectDependencies) = postProject
		{76E843B0-1573-44DD-AEE5-24FDA3AC751A} = {76E843B0-1573-44DD-AEE5-24FDA3AC751A}
		{6955FADA-0134-40A7-A79C-BB9C2EA3D8B4} = {6955FADA-0134-40A7-A79C-BB9C2EA3D8B4}
		{E97A06EA-2E0B-4EC2-BD5E-3565D39D235C} = {E97A06EA-2E0B-4EC2-BD5E-3565D39D235C}
		{01234B51-0E5E-4132-AE72-1BF14DBE7F97} = {01234B51-0E5E-4132-AE72-1BF14DBE7F97}
		{D6C1FAD9-EF16-4C63-B52A-1DE420EF042F} = {D6C1FAD9-EF16-4C63-B52A-1DE420EF042F}
	EndProjectSection
EndProject
Project("{8BC9CEB8-8B4A-11D0-8D11-00A0C91BC942}") = "osgManipulator", "..\src\osgManipulator\osgManipulator.vcxproj", "{636B9EEA-3AA8-4AC1-850E-428B9253D883}"
	ProjectSection(ProjectDependencies) = postProject
		{76E843B0-1573-44DD-AEE5-24FDA3AC751A} = {76E843B0-1573-44DD-AEE5-24FDA3AC751A}
		{6955FADA-0134-40A7-A79C-BB9C2EA3D8B4} = {6955FADA-0134-40A7-A79C-BB9C2EA3D8B4}
		{E97A06EA-2E0B-4EC2-BD5E-3565D39D235C} = {E97A06EA-2E0B-4EC2-BD5E-3565D39D235C}
		{01234B51-0E5E-4132-AE72-1BF14DBE7F97} = {01234B51-0E5E-4132-AE72-1BF14DBE7F97}
		{0868C706-D966-453F-9FDC-BAF68B0EA6E6} = {0868C706-D966-453F-9FDC-BAF68B0EA6E6}
		{DE44FF30-BBAD-44BC-A3E9-715DE61F9462} = {DE44FF30-BBAD-44BC-A3E9-715DE61F9462}
		{D6C1FAD9-EF16-4C63-B52A-1DE420EF042F} = {D6C1FAD9-EF16-4C63-B52A-1DE420EF042F}
		{4A56AD7A-C887-48EC-BB2E-212E2D5EA976} = {4A56AD7A-C887-48EC-BB2E-212E2D5EA976}
	EndProjectSection
EndProject
Project("{8BC9CEB8-8B4A-11D0-8D11-00A0C91BC942}") = "osgPresentation", "..\src\osgPresentation\osgPresentation.vcxproj", "{44C1B4BA-9EED-457E-98B0-94157DE4695C}"
	ProjectSection(ProjectDependencies) = postProject
		{76E843B0-1573-44DD-AEE5-24FDA3AC751A} = {76E843B0-1573-44DD-AEE5-24FDA3AC751A}
		{6955FADA-0134-40A7-A79C-BB9C2EA3D8B4} = {6955FADA-0134-40A7-A79C-BB9C2EA3D8B4}
		{E97A06EA-2E0B-4EC2-BD5E-3565D39D235C} = {E97A06EA-2E0B-4EC2-BD5E-3565D39D235C}
		{01234B51-0E5E-4132-AE72-1BF14DBE7F97} = {01234B51-0E5E-4132-AE72-1BF14DBE7F97}
		{1EAD039F-30EC-44AB-98D5-833C7209B72A} = {1EAD039F-30EC-44AB-98D5-833C7209B72A}
		{0868C706-D966-453F-9FDC-BAF68B0EA6E6} = {0868C706-D966-453F-9FDC-BAF68B0EA6E6}
		{636B9EEA-3AA8-4AC1-850E-428B9253D883} = {636B9EEA-3AA8-4AC1-850E-428B9253D883}
		{DE44FF30-BBAD-44BC-A3E9-715DE61F9462} = {DE44FF30-BBAD-44BC-A3E9-715DE61F9462}
		{3BC279A7-5247-401D-946B-1F7739390950} = {3BC279A7-5247-401D-946B-1F7739390950}
		{D6C1FAD9-EF16-4C63-B52A-1DE420EF042F} = {D6C1FAD9-EF16-4C63-B52A-1DE420EF042F}
		{4A56AD7A-C887-48EC-BB2E-212E2D5EA976} = {4A56AD7A-C887-48EC-BB2E-212E2D5EA976}
		{C3204CBD-7A33-4916-BC97-D5257F85E483} = {C3204CBD-7A33-4916-BC97-D5257F85E483}
		{12277BFF-C6E7-414F-A07A-4591D95D89C4} = {12277BFF-C6E7-414F-A07A-4591D95D89C4}
	EndProjectSection
EndProject
Project("{8BC9CEB8-8B4A-11D0-8D11-00A0C91BC942}") = "osgTerrain", "..\src\osgTerrain\osgTerrain.vcxproj", "{4518FCA3-4A8D-45FA-B8F2-E48F28804477}"
	ProjectSection(ProjectDependencies) = postProject
		{76E843B0-1573-44DD-AEE5-24FDA3AC751A} = {76E843B0-1573-44DD-AEE5-24FDA3AC751A}
		{6955FADA-0134-40A7-A79C-BB9C2EA3D8B4} = {6955FADA-0134-40A7-A79C-BB9C2EA3D8B4}
		{E97A06EA-2E0B-4EC2-BD5E-3565D39D235C} = {E97A06EA-2E0B-4EC2-BD5E-3565D39D235C}
		{01234B51-0E5E-4132-AE72-1BF14DBE7F97} = {01234B51-0E5E-4132-AE72-1BF14DBE7F97}
		{D6C1FAD9-EF16-4C63-B52A-1DE420EF042F} = {D6C1FAD9-EF16-4C63-B52A-1DE420EF042F}
	EndProjectSection
EndProject
Project("{8BC9CEB8-8B4A-11D0-8D11-00A0C91BC942}") = "osgText", "..\src\osgText\osgText.vcxproj", "{DE44FF30-BBAD-44BC-A3E9-715DE61F9462}"
	ProjectSection(ProjectDependencies) = postProject
		{76E843B0-1573-44DD-AEE5-24FDA3AC751A} = {76E843B0-1573-44DD-AEE5-24FDA3AC751A}
		{6955FADA-0134-40A7-A79C-BB9C2EA3D8B4} = {6955FADA-0134-40A7-A79C-BB9C2EA3D8B4}
		{E97A06EA-2E0B-4EC2-BD5E-3565D39D235C} = {E97A06EA-2E0B-4EC2-BD5E-3565D39D235C}
		{01234B51-0E5E-4132-AE72-1BF14DBE7F97} = {01234B51-0E5E-4132-AE72-1BF14DBE7F97}
		{D6C1FAD9-EF16-4C63-B52A-1DE420EF042F} = {D6C1FAD9-EF16-4C63-B52A-1DE420EF042F}
	EndProjectSection
EndProject
Project("{8BC9CEB8-8B4A-11D0-8D11-00A0C91BC942}") = "osgUI", "..\src\osgUI\osgUI.vcxproj", "{3BC279A7-5247-401D-946B-1F7739390950}"
	ProjectSection(ProjectDependencies) = postProject
		{76E843B0-1573-44DD-AEE5-24FDA3AC751A} = {76E843B0-1573-44DD-AEE5-24FDA3AC751A}
		{6955FADA-0134-40A7-A79C-BB9C2EA3D8B4} = {6955FADA-0134-40A7-A79C-BB9C2EA3D8B4}
		{E97A06EA-2E0B-4EC2-BD5E-3565D39D235C} = {E97A06EA-2E0B-4EC2-BD5E-3565D39D235C}
		{01234B51-0E5E-4132-AE72-1BF14DBE7F97} = {01234B51-0E5E-4132-AE72-1BF14DBE7F97}
		{0868C706-D966-453F-9FDC-BAF68B0EA6E6} = {0868C706-D966-453F-9FDC-BAF68B0EA6E6}
		{DE44FF30-BBAD-44BC-A3E9-715DE61F9462} = {DE44FF30-BBAD-44BC-A3E9-715DE61F9462}
		{D6C1FAD9-EF16-4C63-B52A-1DE420EF042F} = {D6C1FAD9-EF16-4C63-B52A-1DE420EF042F}
		{4A56AD7A-C887-48EC-BB2E-212E2D5EA976} = {4A56AD7A-C887-48EC-BB2E-212E2D5EA976}
	EndProjectSection
EndProject
Project("{8BC9CEB8-8B4A-11D0-8D11-00A0C91BC942}") = "osgUtil", "..\src\osgUtil\osgUtil.vcxproj", "{D6C1FAD9-EF16-4C63-B52A-1DE420EF042F}"
	ProjectSection(ProjectDependencies) = postProject
		{76E843B0-1573-44DD-AEE5-24FDA3AC751A} = {76E843B0-1573-44DD-AEE5-24FDA3AC751A}
		{6955FADA-0134-40A7-A79C-BB9C2EA3D8B4} = {6955FADA-0134-40A7-A79C-BB9C2EA3D8B4}
		{E97A06EA-2E0B-4EC2-BD5E-3565D39D235C} = {E97A06EA-2E0B-4EC2-BD5E-3565D39D235C}
	EndProjectSection
EndProject
Project("{8BC9CEB8-8B4A-11D0-8D11-00A0C91BC942}") = "osgViewer", "..\src\osgViewer\osgViewer.vcxproj", "{4A56AD7A-C887-48EC-BB2E-212E2D5EA976}"
	ProjectSection(ProjectDependencies) = postProject
		{76E843B0-1573-44DD-AEE5-24FDA3AC751A} = {76E843B0-1573-44DD-AEE5-24FDA3AC751A}
		{6955FADA-0134-40A7-A79C-BB9C2EA3D8B4} = {6955FADA-0134-40A7-A79C-BB9C2EA3D8B4}
		{E97A06EA-2E0B-4EC2-BD5E-3565D39D235C} = {E97A06EA-2E0B-4EC2-BD5E-3565D39D235C}
		{01234B51-0E5E-4132-AE72-1BF14DBE7F97} = {01234B51-0E5E-4132-AE72-1BF14DBE7F97}
		{0868C706-D966-453F-9FDC-BAF68B0EA6E6} = {0868C706-D966-453F-9FDC-BAF68B0EA6E6}
		{DE44FF30-BBAD-44BC-A3E9-715DE61F9462} = {DE44FF30-BBAD-44BC-A3E9-715DE61F9462}
		{D6C1FAD9-EF16-4C63-B52A-1DE420EF042F} = {D6C1FAD9-EF16-4C63-B52A-1DE420EF042F}
	EndProjectSection
EndProject
Project("{8BC9CEB8-8B4A-11D0-8D11-00A0C91BC942}") = "osgVolume", "..\src\osgVolume\osgVolume.vcxproj", "{C3204CBD-7A33-4916-BC97-D5257F85E483}"
	ProjectSection(ProjectDependencies) = postProject
		{76E843B0-1573-44DD-AEE5-24FDA3AC751A} = {76E843B0-1573-44DD-AEE5-24FDA3AC751A}
		{6955FADA-0134-40A7-A79C-BB9C2EA3D8B4} = {6955FADA-0134-40A7-A79C-BB9C2EA3D8B4}
		{E97A06EA-2E0B-4EC2-BD5E-3565D39D235C} = {E97A06EA-2E0B-4EC2-BD5E-3565D39D235C}
		{01234B51-0E5E-4132-AE72-1BF14DBE7F97} = {01234B51-0E5E-4132-AE72-1BF14DBE7F97}
		{0868C706-D966-453F-9FDC-BAF68B0EA6E6} = {0868C706-D966-453F-9FDC-BAF68B0EA6E6}
		{D6C1FAD9-EF16-4C63-B52A-1DE420EF042F} = {D6C1FAD9-EF16-4C63-B52A-1DE420EF042F}
	EndProjectSection
EndProject
Project("{8BC9CEB8-8B4A-11D0-8D11-00A0C91BC942}") = "osgWidget", "..\src\osgWidget\osgWidget.vcxproj", "{12277BFF-C6E7-414F-A07A-4591D95D89C4}"
	ProjectSection(ProjectDependencies) = postProject
		{76E843B0-1573-44DD-AEE5-24FDA3AC751A} = {76E843B0-1573-44DD-AEE5-24FDA3AC751A}
		{6955FADA-0134-40A7-A79C-BB9C2EA3D8B4} = {6955FADA-0134-40A7-A79C-BB9C2EA3D8B4}
		{E97A06EA-2E0B-4EC2-BD5E-3565D39D235C} = {E97A06EA-2E0B-4EC2-BD5E-3565D39D235C}
		{01234B51-0E5E-4132-AE72-1BF14DBE7F97} = {01234B51-0E5E-4132-AE72-1BF14DBE7F97}
		{0868C706-D966-453F-9FDC-BAF68B0EA6E6} = {0868C706-D966-453F-9FDC-BAF68B0EA6E6}
		{DE44FF30-BBAD-44BC-A3E9-715DE61F9462} = {DE44FF30-BBAD-44BC-A3E9-715DE61F9462}
		{D6C1FAD9-EF16-4C63-B52A-1DE420EF042F} = {D6C1FAD9-EF16-4C63-B52A-1DE420EF042F}
		{4A56AD7A-C887-48EC-BB2E-212E2D5EA976} = {4A56AD7A-C887-48EC-BB2E-212E2D5EA976}
	EndProjectSection
EndProject
Project("{2150E333-8FDC-42A3-9474-1A3956D46DE8}") = "Applications", "Applications", "{2676DDD7-2658-49F9-8BB1-1A1E369BCB4E}"
EndProject
Project("{2150E333-8FDC-42A3-9474-1A3956D46DE8}") = "CMakePredefinedTargets", "CMakePredefinedTargets", "{C3DB1846-7698-45B9-8C5E-41273AD2816D}"
EndProject
Project("{2150E333-8FDC-42A3-9474-1A3956D46DE8}") = "OSG Core", "OSG Core", "{43EAB437-D7D4-41CD-A2D2-980C16278D10}"
EndProject
Global
	GlobalSection(SolutionConfigurationPlatforms) = preSolution
		Debug|Win32 = Debug|Win32
		Release|Win32 = Release|Win32
		MinSizeRel|Win32 = MinSizeRel|Win32
		RelWithDebInfo|Win32 = RelWithDebInfo|Win32
	EndGlobalSection
	GlobalSection(ProjectConfigurationPlatforms) = postSolution
		{4ACB8C1F-A14D-4090-8544-37A8088A9CCE}.Debug|Win32.ActiveCfg = Debug|Win32
		{4ACB8C1F-A14D-4090-8544-37A8088A9CCE}.Debug|Win32.Build.0 = Debug|Win32
		{4ACB8C1F-A14D-4090-8544-37A8088A9CCE}.Release|Win32.ActiveCfg = Release|Win32
		{4ACB8C1F-A14D-4090-8544-37A8088A9CCE}.Release|Win32.Build.0 = Release|Win32
		{4ACB8C1F-A14D-4090-8544-37A8088A9CCE}.MinSizeRel|Win32.ActiveCfg = MinSizeRel|Win32
		{4ACB8C1F-A14D-4090-8544-37A8088A9CCE}.MinSizeRel|Win32.Build.0 = MinSizeRel|Win32
		{4ACB8C1F-A14D-4090-8544-37A8088A9CCE}.RelWithDebInfo|Win32.ActiveCfg = RelWithDebInfo|Win32
		{4ACB8C1F-A14D-4090-8544-37A8088A9CCE}.RelWithDebInfo|Win32.Build.0 = RelWithDebInfo|Win32
		{13C4347A-21FF-47AE-89F6-2889B10C9E1A}.Debug|Win32.ActiveCfg = Debug|Win32
		{13C4347A-21FF-47AE-89F6-2889B10C9E1A}.Release|Win32.ActiveCfg = Release|Win32
		{13C4347A-21FF-47AE-89F6-2889B10C9E1A}.MinSizeRel|Win32.ActiveCfg = MinSizeRel|Win32
		{13C4347A-21FF-47AE-89F6-2889B10C9E1A}.RelWithDebInfo|Win32.ActiveCfg = RelWithDebInfo|Win32
		{76E843B0-1573-44DD-AEE5-24FDA3AC751A}.Debug|Win32.ActiveCfg = Debug|Win32
		{76E843B0-1573-44DD-AEE5-24FDA3AC751A}.Debug|Win32.Build.0 = Debug|Win32
		{76E843B0-1573-44DD-AEE5-24FDA3AC751A}.Release|Win32.ActiveCfg = Release|Win32
		{76E843B0-1573-44DD-AEE5-24FDA3AC751A}.Release|Win32.Build.0 = Release|Win32
		{76E843B0-1573-44DD-AEE5-24FDA3AC751A}.MinSizeRel|Win32.ActiveCfg = MinSizeRel|Win32
		{76E843B0-1573-44DD-AEE5-24FDA3AC751A}.MinSizeRel|Win32.Build.0 = MinSizeRel|Win32
		{76E843B0-1573-44DD-AEE5-24FDA3AC751A}.RelWithDebInfo|Win32.ActiveCfg = RelWithDebInfo|Win32
		{76E843B0-1573-44DD-AEE5-24FDA3AC751A}.RelWithDebInfo|Win32.Build.0 = RelWithDebInfo|Win32
		{6955FADA-0134-40A7-A79C-BB9C2EA3D8B4}.Debug|Win32.ActiveCfg = Debug|Win32
		{6955FADA-0134-40A7-A79C-BB9C2EA3D8B4}.Debug|Win32.Build.0 = Debug|Win32
		{6955FADA-0134-40A7-A79C-BB9C2EA3D8B4}.Release|Win32.ActiveCfg = Release|Win32
		{6955FADA-0134-40A7-A79C-BB9C2EA3D8B4}.Release|Win32.Build.0 = Release|Win32
		{6955FADA-0134-40A7-A79C-BB9C2EA3D8B4}.MinSizeRel|Win32.ActiveCfg = MinSizeRel|Win32
		{6955FADA-0134-40A7-A79C-BB9C2EA3D8B4}.MinSizeRel|Win32.Build.0 = MinSizeRel|Win32
		{6955FADA-0134-40A7-A79C-BB9C2EA3D8B4}.RelWithDebInfo|Win32.ActiveCfg = RelWithDebInfo|Win32
		{6955FADA-0134-40A7-A79C-BB9C2EA3D8B4}.RelWithDebInfo|Win32.Build.0 = RelWithDebInfo|Win32
		{887A9756-0EFA-4384-AE80-1731455E2A95}.Debug|Win32.ActiveCfg = Debug|Win32
		{887A9756-0EFA-4384-AE80-1731455E2A95}.Debug|Win32.Build.0 = Debug|Win32
		{887A9756-0EFA-4384-AE80-1731455E2A95}.Release|Win32.ActiveCfg = Release|Win32
		{887A9756-0EFA-4384-AE80-1731455E2A95}.Release|Win32.Build.0 = Release|Win32
		{887A9756-0EFA-4384-AE80-1731455E2A95}.MinSizeRel|Win32.ActiveCfg = MinSizeRel|Win32
		{887A9756-0EFA-4384-AE80-1731455E2A95}.MinSizeRel|Win32.Build.0 = MinSizeRel|Win32
		{887A9756-0EFA-4384-AE80-1731455E2A95}.RelWithDebInfo|Win32.ActiveCfg = RelWithDebInfo|Win32
		{887A9756-0EFA-4384-AE80-1731455E2A95}.RelWithDebInfo|Win32.Build.0 = RelWithDebInfo|Win32
		{D32BD724-FDB7-4F8C-9B6E-0D6EFAFB15E4}.Debug|Win32.ActiveCfg = Debug|Win32
		{D32BD724-FDB7-4F8C-9B6E-0D6EFAFB15E4}.Debug|Win32.Build.0 = Debug|Win32
		{D32BD724-FDB7-4F8C-9B6E-0D6EFAFB15E4}.Release|Win32.ActiveCfg = Release|Win32
		{D32BD724-FDB7-4F8C-9B6E-0D6EFAFB15E4}.Release|Win32.Build.0 = Release|Win32
		{D32BD724-FDB7-4F8C-9B6E-0D6EFAFB15E4}.MinSizeRel|Win32.ActiveCfg = MinSizeRel|Win32
		{D32BD724-FDB7-4F8C-9B6E-0D6EFAFB15E4}.MinSizeRel|Win32.Build.0 = MinSizeRel|Win32
		{D32BD724-FDB7-4F8C-9B6E-0D6EFAFB15E4}.RelWithDebInfo|Win32.ActiveCfg = RelWithDebInfo|Win32
		{D32BD724-FDB7-4F8C-9B6E-0D6EFAFB15E4}.RelWithDebInfo|Win32.Build.0 = RelWithDebInfo|Win32
		{98FE2779-7215-43C0-934B-65B14557EC66}.Debug|Win32.ActiveCfg = Debug|Win32
		{98FE2779-7215-43C0-934B-65B14557EC66}.Debug|Win32.Build.0 = Debug|Win32
		{98FE2779-7215-43C0-934B-65B14557EC66}.Release|Win32.ActiveCfg = Release|Win32
		{98FE2779-7215-43C0-934B-65B14557EC66}.Release|Win32.Build.0 = Release|Win32
		{98FE2779-7215-43C0-934B-65B14557EC66}.MinSizeRel|Win32.ActiveCfg = MinSizeRel|Win32
		{98FE2779-7215-43C0-934B-65B14557EC66}.MinSizeRel|Win32.Build.0 = MinSizeRel|Win32
		{98FE2779-7215-43C0-934B-65B14557EC66}.RelWithDebInfo|Win32.ActiveCfg = RelWithDebInfo|Win32
		{98FE2779-7215-43C0-934B-65B14557EC66}.RelWithDebInfo|Win32.Build.0 = RelWithDebInfo|Win32
		{A613E426-D73C-4C97-9E07-F4B23FE6A181}.Debug|Win32.ActiveCfg = Debug|Win32
		{A613E426-D73C-4C97-9E07-F4B23FE6A181}.Debug|Win32.Build.0 = Debug|Win32
		{A613E426-D73C-4C97-9E07-F4B23FE6A181}.Release|Win32.ActiveCfg = Release|Win32
		{A613E426-D73C-4C97-9E07-F4B23FE6A181}.Release|Win32.Build.0 = Release|Win32
		{A613E426-D73C-4C97-9E07-F4B23FE6A181}.MinSizeRel|Win32.ActiveCfg = MinSizeRel|Win32
		{A613E426-D73C-4C97-9E07-F4B23FE6A181}.MinSizeRel|Win32.Build.0 = MinSizeRel|Win32
		{A613E426-D73C-4C97-9E07-F4B23FE6A181}.RelWithDebInfo|Win32.ActiveCfg = RelWithDebInfo|Win32
		{A613E426-D73C-4C97-9E07-F4B23FE6A181}.RelWithDebInfo|Win32.Build.0 = RelWithDebInfo|Win32
		{7274C3BE-2234-4D3B-B6ED-F73F2C5BBB0F}.Debug|Win32.ActiveCfg = Debug|Win32
		{7274C3BE-2234-4D3B-B6ED-F73F2C5BBB0F}.Debug|Win32.Build.0 = Debug|Win32
		{7274C3BE-2234-4D3B-B6ED-F73F2C5BBB0F}.Release|Win32.ActiveCfg = Release|Win32
		{7274C3BE-2234-4D3B-B6ED-F73F2C5BBB0F}.Release|Win32.Build.0 = Release|Win32
		{7274C3BE-2234-4D3B-B6ED-F73F2C5BBB0F}.MinSizeRel|Win32.ActiveCfg = MinSizeRel|Win32
		{7274C3BE-2234-4D3B-B6ED-F73F2C5BBB0F}.MinSizeRel|Win32.Build.0 = MinSizeRel|Win32
		{7274C3BE-2234-4D3B-B6ED-F73F2C5BBB0F}.RelWithDebInfo|Win32.ActiveCfg = RelWithDebInfo|Win32
		{7274C3BE-2234-4D3B-B6ED-F73F2C5BBB0F}.RelWithDebInfo|Win32.Build.0 = RelWithDebInfo|Win32
		{2841A2DB-F02B-4254-8D97-598038FAF886}.Debug|Win32.ActiveCfg = Debug|Win32
		{2841A2DB-F02B-4254-8D97-598038FAF886}.Debug|Win32.Build.0 = Debug|Win32
		{2841A2DB-F02B-4254-8D97-598038FAF886}.Release|Win32.ActiveCfg = Release|Win32
		{2841A2DB-F02B-4254-8D97-598038FAF886}.Release|Win32.Build.0 = Release|Win32
		{2841A2DB-F02B-4254-8D97-598038FAF886}.MinSizeRel|Win32.ActiveCfg = MinSizeRel|Win32
		{2841A2DB-F02B-4254-8D97-598038FAF886}.MinSizeRel|Win32.Build.0 = MinSizeRel|Win32
		{2841A2DB-F02B-4254-8D97-598038FAF886}.RelWithDebInfo|Win32.ActiveCfg = RelWithDebInfo|Win32
		{2841A2DB-F02B-4254-8D97-598038FAF886}.RelWithDebInfo|Win32.Build.0 = RelWithDebInfo|Win32
		{E97A06EA-2E0B-4EC2-BD5E-3565D39D235C}.Debug|Win32.ActiveCfg = Debug|Win32
		{E97A06EA-2E0B-4EC2-BD5E-3565D39D235C}.Debug|Win32.Build.0 = Debug|Win32
		{E97A06EA-2E0B-4EC2-BD5E-3565D39D235C}.Release|Win32.ActiveCfg = Release|Win32
		{E97A06EA-2E0B-4EC2-BD5E-3565D39D235C}.Release|Win32.Build.0 = Release|Win32
		{E97A06EA-2E0B-4EC2-BD5E-3565D39D235C}.MinSizeRel|Win32.ActiveCfg = MinSizeRel|Win32
		{E97A06EA-2E0B-4EC2-BD5E-3565D39D235C}.MinSizeRel|Win32.Build.0 = MinSizeRel|Win32
		{E97A06EA-2E0B-4EC2-BD5E-3565D39D235C}.RelWithDebInfo|Win32.ActiveCfg = RelWithDebInfo|Win32
		{E97A06EA-2E0B-4EC2-BD5E-3565D39D235C}.RelWithDebInfo|Win32.Build.0 = RelWithDebInfo|Win32
		{01234B51-0E5E-4132-AE72-1BF14DBE7F97}.Debug|Win32.ActiveCfg = Debug|Win32
		{01234B51-0E5E-4132-AE72-1BF14DBE7F97}.Debug|Win32.Build.0 = Debug|Win32
		{01234B51-0E5E-4132-AE72-1BF14DBE7F97}.Release|Win32.ActiveCfg = Release|Win32
		{01234B51-0E5E-4132-AE72-1BF14DBE7F97}.Release|Win32.Build.0 = Release|Win32
		{01234B51-0E5E-4132-AE72-1BF14DBE7F97}.MinSizeRel|Win32.ActiveCfg = MinSizeRel|Win32
		{01234B51-0E5E-4132-AE72-1BF14DBE7F97}.MinSizeRel|Win32.Build.0 = MinSizeRel|Win32
		{01234B51-0E5E-4132-AE72-1BF14DBE7F97}.RelWithDebInfo|Win32.ActiveCfg = RelWithDebInfo|Win32
		{01234B51-0E5E-4132-AE72-1BF14DBE7F97}.RelWithDebInfo|Win32.Build.0 = RelWithDebInfo|Win32
		{1EAD039F-30EC-44AB-98D5-833C7209B72A}.Debug|Win32.ActiveCfg = Debug|Win32
		{1EAD039F-30EC-44AB-98D5-833C7209B72A}.Debug|Win32.Build.0 = Debug|Win32
		{1EAD039F-30EC-44AB-98D5-833C7209B72A}.Release|Win32.ActiveCfg = Release|Win32
		{1EAD039F-30EC-44AB-98D5-833C7209B72A}.Release|Win32.Build.0 = Release|Win32
		{1EAD039F-30EC-44AB-98D5-833C7209B72A}.MinSizeRel|Win32.ActiveCfg = MinSizeRel|Win32
		{1EAD039F-30EC-44AB-98D5-833C7209B72A}.MinSizeRel|Win32.Build.0 = MinSizeRel|Win32
		{1EAD039F-30EC-44AB-98D5-833C7209B72A}.RelWithDebInfo|Win32.ActiveCfg = RelWithDebInfo|Win32
		{1EAD039F-30EC-44AB-98D5-833C7209B72A}.RelWithDebInfo|Win32.Build.0 = RelWithDebInfo|Win32
		{0868C706-D966-453F-9FDC-BAF68B0EA6E6}.Debug|Win32.ActiveCfg = Debug|Win32
		{0868C706-D966-453F-9FDC-BAF68B0EA6E6}.Debug|Win32.Build.0 = Debug|Win32
		{0868C706-D966-453F-9FDC-BAF68B0EA6E6}.Release|Win32.ActiveCfg = Release|Win32
		{0868C706-D966-453F-9FDC-BAF68B0EA6E6}.Release|Win32.Build.0 = Release|Win32
		{0868C706-D966-453F-9FDC-BAF68B0EA6E6}.MinSizeRel|Win32.ActiveCfg = MinSizeRel|Win32
		{0868C706-D966-453F-9FDC-BAF68B0EA6E6}.MinSizeRel|Win32.Build.0 = MinSizeRel|Win32
		{0868C706-D966-453F-9FDC-BAF68B0EA6E6}.RelWithDebInfo|Win32.ActiveCfg = RelWithDebInfo|Win32
		{0868C706-D966-453F-9FDC-BAF68B0EA6E6}.RelWithDebInfo|Win32.Build.0 = RelWithDebInfo|Win32
		{636B9EEA-3AA8-4AC1-850E-428B9253D883}.Debug|Win32.ActiveCfg = Debug|Win32
		{636B9EEA-3AA8-4AC1-850E-428B9253D883}.Debug|Win32.Build.0 = Debug|Win32
		{636B9EEA-3AA8-4AC1-850E-428B9253D883}.Release|Win32.ActiveCfg = Release|Win32
		{636B9EEA-3AA8-4AC1-850E-428B9253D883}.Release|Win32.Build.0 = Release|Win32
		{636B9EEA-3AA8-4AC1-850E-428B9253D883}.MinSizeRel|Win32.ActiveCfg = MinSizeRel|Win32
		{636B9EEA-3AA8-4AC1-850E-428B9253D883}.MinSizeRel|Win32.Build.0 = MinSizeRel|Win32
		{636B9EEA-3AA8-4AC1-850E-428B9253D883}.RelWithDebInfo|Win32.ActiveCfg = RelWithDebInfo|Win32
		{636B9EEA-3AA8-4AC1-850E-428B9253D883}.RelWithDebInfo|Win32.Build.0 = RelWithDebInfo|Win32
		{44C1B4BA-9EED-457E-98B0-94157DE4695C}.Debug|Win32.ActiveCfg = Debug|Win32
		{44C1B4BA-9EED-457E-98B0-94157DE4695C}.Debug|Win32.Build.0 = Debug|Win32
		{44C1B4BA-9EED-457E-98B0-94157DE4695C}.Release|Win32.ActiveCfg = Release|Win32
		{44C1B4BA-9EED-457E-98B0-94157DE4695C}.Release|Win32.Build.0 = Release|Win32
		{44C1B4BA-9EED-457E-98B0-94157DE4695C}.MinSizeRel|Win32.ActiveCfg = MinSizeRel|Win32
		{44C1B4BA-9EED-457E-98B0-94157DE4695C}.MinSizeRel|Win32.Build.0 = MinSizeRel|Win32
		{44C1B4BA-9EED-457E-98B0-94157DE4695C}.RelWithDebInfo|Win32.ActiveCfg = RelWithDebInfo|Win32
		{44C1B4BA-9EED-457E-98B0-94157DE4695C}.RelWithDebInfo|Win32.Build.0 = RelWithDebInfo|Win32
		{4518FCA3-4A8D-45FA-B8F2-E48F28804477}.Debug|Win32.ActiveCfg = Debug|Win32
		{4518FCA3-4A8D-45FA-B8F2-E48F28804477}.Debug|Win32.Build.0 = Debug|Win32
		{4518FCA3-4A8D-45FA-B8F2-E48F28804477}.Release|Win32.ActiveCfg = Release|Win32
		{4518FCA3-4A8D-45FA-B8F2-E48F28804477}.Release|Win32.Build.0 = Release|Win32
		{4518FCA3-4A8D-45FA-B8F2-E48F28804477}.MinSizeRel|Win32.ActiveCfg = MinSizeRel|Win32
		{4518FCA3-4A8D-45FA-B8F2-E48F28804477}.MinSizeRel|Win32.Build.0 = MinSizeRel|Win32
		{4518FCA3-4A8D-45FA-B8F2-E48F28804477}.RelWithDebInfo|Win32.ActiveCfg = RelWithDebInfo|Win32
		{4518FCA3-4A8D-45FA-B8F2-E48F28804477}.RelWithDebInfo|Win32.Build.0 = RelWithDebInfo|Win32
		{DE44FF30-BBAD-44BC-A3E9-715DE61F9462}.Debug|Win32.ActiveCfg = Debug|Win32
		{DE44FF30-BBAD-44BC-A3E9-715DE61F9462}.Debug|Win32.Build.0 = Debug|Win32
		{DE44FF30-BBAD-44BC-A3E9-715DE61F9462}.Release|Win32.ActiveCfg = Release|Win32
		{DE44FF30-BBAD-44BC-A3E9-715DE61F9462}.Release|Win32.Build.0 = Release|Win32
		{DE44FF30-BBAD-44BC-A3E9-715DE61F9462}.MinSizeRel|Win32.ActiveCfg = MinSizeRel|Win32
		{DE44FF30-BBAD-44BC-A3E9-715DE61F9462}.MinSizeRel|Win32.Build.0 = MinSizeRel|Win32
		{DE44FF30-BBAD-44BC-A3E9-715DE61F9462}.RelWithDebInfo|Win32.ActiveCfg = RelWithDebInfo|Win32
		{DE44FF30-BBAD-44BC-A3E9-715DE61F9462}.RelWithDebInfo|Win32.Build.0 = RelWithDebInfo|Win32
		{3BC279A7-5247-401D-946B-1F7739390950}.Debug|Win32.ActiveCfg = Debug|Win32
		{3BC279A7-5247-401D-946B-1F7739390950}.Debug|Win32.Build.0 = Debug|Win32
		{3BC279A7-5247-401D-946B-1F7739390950}.Release|Win32.ActiveCfg = Release|Win32
		{3BC279A7-5247-401D-946B-1F7739390950}.Release|Win32.Build.0 = Release|Win32
		{3BC279A7-5247-401D-946B-1F7739390950}.MinSizeRel|Win32.ActiveCfg = MinSizeRel|Win32
		{3BC279A7-5247-401D-946B-1F7739390950}.MinSizeRel|Win32.Build.0 = MinSizeRel|Win32
		{3BC279A7-5247-401D-946B-1F7739390950}.RelWithDebInfo|Win32.ActiveCfg = RelWithDebInfo|Win32
		{3BC279A7-5247-401D-946B-1F7739390950}.RelWithDebInfo|Win32.Build.0 = RelWithDebInfo|Win32
		{D6C1FAD9-EF16-4C63-B52A-1DE420EF042F}.Debug|Win32.ActiveCfg = Debug|Win32
		{D6C1FAD9-EF16-4C63-B52A-1DE420EF042F}.Debug|Win32.Build.0 = Debug|Win32
		{D6C1FAD9-EF16-4C63-B52A-1DE420EF042F}.Release|Win32.ActiveCfg = Release|Win32
		{D6C1FAD9-EF16-4C63-B52A-1DE420EF042F}.Release|Win32.Build.0 = Release|Win32
		{D6C1FAD9-EF16-4C63-B52A-1DE420EF042F}.MinSizeRel|Win32.ActiveCfg = MinSizeRel|Win32
		{D6C1FAD9-EF16-4C63-B52A-1DE420EF042F}.MinSizeRel|Win32.Build.0 = MinSizeRel|Win32
		{D6C1FAD9-EF16-4C63-B52A-1DE420EF042F}.RelWithDebInfo|Win32.ActiveCfg = RelWithDebInfo|Win32
		{D6C1FAD9-EF16-4C63-B52A-1DE420EF042F}.RelWithDebInfo|Win32.Build.0 = RelWithDebInfo|Win32
		{4A56AD7A-C887-48EC-BB2E-212E2D5EA976}.Debug|Win32.ActiveCfg = Debug|Win32
		{4A56AD7A-C887-48EC-BB2E-212E2D5EA976}.Debug|Win32.Build.0 = Debug|Win32
		{4A56AD7A-C887-48EC-BB2E-212E2D5EA976}.Release|Win32.ActiveCfg = Release|Win32
		{4A56AD7A-C887-48EC-BB2E-212E2D5EA976}.Release|Win32.Build.0 = Release|Win32
		{4A56AD7A-C887-48EC-BB2E-212E2D5EA976}.MinSizeRel|Win32.ActiveCfg = MinSizeRel|Win32
		{4A56AD7A-C887-48EC-BB2E-212E2D5EA976}.MinSizeRel|Win32.Build.0 = MinSizeRel|Win32
		{4A56AD7A-C887-48EC-BB2E-212E2D5EA976}.RelWithDebInfo|Win32.ActiveCfg = RelWithDebInfo|Win32
		{4A56AD7A-C887-48EC-BB2E-212E2D5EA976}.RelWithDebInfo|Win32.Build.0 = RelWithDebInfo|Win32
		{C3204CBD-7A33-4916-BC97-D5257F85E483}.Debug|Win32.ActiveCfg = Debug|Win32
		{C3204CBD-7A33-4916-BC97-D5257F85E483}.Debug|Win32.Build.0 = Debug|Win32
		{C3204CBD-7A33-4916-BC97-D5257F85E483}.Release|Win32.ActiveCfg = Release|Win32
		{C3204CBD-7A33-4916-BC97-D5257F85E483}.Release|Win32.Build.0 = Release|Win32
		{C3204CBD-7A33-4916-BC97-D5257F85E483}.MinSizeRel|Win32.ActiveCfg = MinSizeRel|Win32
		{C3204CBD-7A33-4916-BC97-D5257F85E483}.MinSizeRel|Win32.Build.0 = MinSizeRel|Win32
		{C3204CBD-7A33-4916-BC97-D5257F85E483}.RelWithDebInfo|Win32.ActiveCfg = RelWithDebInfo|Win32
		{C3204CBD-7A33-4916-BC97-D5257F85E483}.RelWithDebInfo|Win32.Build.0 = RelWithDebInfo|Win32
		{12277BFF-C6E7-414F-A07A-4591D95D89C4}.Debug|Win32.ActiveCfg = Debug|Win32
		{12277BFF-C6E7-414F-A07A-4591D95D89C4}.Debug|Win32.Build.0 = Debug|Win32
		{12277BFF-C6E7-414F-A07A-4591D95D89C4}.Release|Win32.ActiveCfg = Release|Win32
		{12277BFF-C6E7-414F-A07A-4591D95D89C4}.Release|Win32.Build.0 = Release|Win32
		{12277BFF-C6E7-414F-A07A-4591D95D89C4}.MinSizeRel|Win32.ActiveCfg = MinSizeRel|Win32
		{12277BFF-C6E7-414F-A07A-4591D95D89C4}.MinSizeRel|Win32.Build.0 = MinSizeRel|Win32
		{12277BFF-C6E7-414F-A07A-4591D95D89C4}.RelWithDebInfo|Win32.ActiveCfg = RelWithDebInfo|Win32
		{12277BFF-C6E7-414F-A07A-4591D95D89C4}.RelWithDebInfo|Win32.Build.0 = RelWithDebInfo|Win32
	EndGlobalSection
	GlobalSection(NestedProjects) = preSolution
		{887A9756-0EFA-4384-AE80-1731455E2A95} = {2676DDD7-2658-49F9-8BB1-1A1E369BCB4E}
		{D32BD724-FDB7-4F8C-9B6E-0D6EFAFB15E4} = {2676DDD7-2658-49F9-8BB1-1A1E369BCB4E}
		{98FE2779-7215-43C0-934B-65B14557EC66} = {2676DDD7-2658-49F9-8BB1-1A1E369BCB4E}
		{A613E426-D73C-4C97-9E07-F4B23FE6A181} = {2676DDD7-2658-49F9-8BB1-1A1E369BCB4E}
		{7274C3BE-2234-4D3B-B6ED-F73F2C5BBB0F} = {2676DDD7-2658-49F9-8BB1-1A1E369BCB4E}
		{2841A2DB-F02B-4254-8D97-598038FAF886} = {2676DDD7-2658-49F9-8BB1-1A1E369BCB4E}
		{13C4347A-21FF-47AE-89F6-2889B10C9E1A} = {C3DB1846-7698-45B9-8C5E-41273AD2816D}
		{6955FADA-0134-40A7-A79C-BB9C2EA3D8B4} = {C3DB1846-7698-45B9-8C5E-41273AD2816D}
		{76E843B0-1573-44DD-AEE5-24FDA3AC751A} = {43EAB437-D7D4-41CD-A2D2-980C16278D10}
		{E97A06EA-2E0B-4EC2-BD5E-3565D39D235C} = {43EAB437-D7D4-41CD-A2D2-980C16278D10}
		{01234B51-0E5E-4132-AE72-1BF14DBE7F97} = {43EAB437-D7D4-41CD-A2D2-980C16278D10}
		{1EAD039F-30EC-44AB-98D5-833C7209B72A} = {43EAB437-D7D4-41CD-A2D2-980C16278D10}
		{0868C706-D966-453F-9FDC-BAF68B0EA6E6} = {43EAB437-D7D4-41CD-A2D2-980C16278D10}
		{636B9EEA-3AA8-4AC1-850E-428B9253D883} = {43EAB437-D7D4-41CD-A2D2-980C16278D10}
		{44C1B4BA-9EED-457E-98B0-94157DE4695C} = {43EAB437-D7D4-41CD-A2D2-980C16278D10}
		{4518FCA3-4A8D-45FA-B8F2-E48F28804477} = {43EAB437-D7D4-41CD-A2D2-980C16278D10}
		{DE44FF30-BBAD-44BC-A3E9-715DE61F9462} = {43EAB437-D7D4-41CD-A2D2-980C16278D10}
		{3BC279A7-5247-401D-946B-1F7739390950} = {43EAB437-D7D4-41CD-A2D2-980C16278D10}
		{D6C1FAD9-EF16-4C63-B52A-1DE420EF042F} = {43EAB437-D7D4-41CD-A2D2-980C16278D10}
		{4A56AD7A-C887-48EC-BB2E-212E2D5EA976} = {43EAB437-D7D4-41CD-A2D2-980C16278D10}
		{C3204CBD-7A33-4916-BC97-D5257F85E483} = {43EAB437-D7D4-41CD-A2D2-980C16278D10}
		{12277BFF-C6E7-414F-A07A-4591D95D89C4} = {43EAB437-D7D4-41CD-A2D2-980C16278D10}
	EndGlobalSection
	GlobalSection(ExtensibilityGlobals) = postSolution
	EndGlobalSection
	GlobalSection(ExtensibilityAddIns) = postSolution
	EndGlobalSection
EndGlobal
