Microsoft Visual Studio Solution File, Format Version 12.00
# Visual Studio 2013
Project("{8BC9CEB8-8B4A-11D0-8D11-00A0C91BC942}") = "ALL_BUILD", "ALL_BUILD.vcxproj", "{10BB4C80-5A05-4FB9-B0AC-7567EE863E07}"
	ProjectSection(ProjectDependencies) = postProject
		{15957EC8-AD96-4233-BA77-384DDE91039D} = {15957EC8-AD96-4233-BA77-384DDE91039D}
		{188F1BDB-C347-47FC-8FD3-797F7095A688} = {188F1BDB-C347-47FC-8FD3-797F7095A688}
		{C5A873AC-160F-4309-A644-BB70ED410128} = {C5A873AC-160F-4309-A644-BB70ED410128}
		{BD657BDC-974E-400F-B530-BBB7D28EFC54} = {BD657BDC-974E-400F-B530-BBB7D28EFC54}
		{F53B0281-1E56-438F-830C-2F2EE7C7CD55} = {F53B0281-1E56-438F-830C-2F2EE7C7CD55}
		{8C4EE993-1B0F-4D05-B372-507A3B3C12B0} = {8C4EE993-1B0F-4D05-B372-507A3B3C12B0}
	EndProjectSection
EndProject
Project("{8BC9CEB8-8B4A-11D0-8D11-00A0C91BC942}") = "INSTALL", "INSTALL.vcxproj", "{839FC998-1474-4375-83BA-EBCE1875E461}"
	ProjectSection(ProjectDependencies) = postProject
		{10BB4C80-5A05-4FB9-B0AC-7567EE863E07} = {10BB4C80-5A05-4FB9-B0AC-7567EE863E07}
	EndProjectSection
EndProject
Project("{8BC9CEB8-8B4A-11D0-8D11-00A0C91BC942}") = "OpenThreads", "..\src\OpenThreads\win32\OpenThreads.vcxproj", "{44391EE7-4D43-4F8A-A981-FE1F9DDE2952}"
	ProjectSection(ProjectDependencies) = postProject
		{46E95599-0364-466D-9DF2-2E56A6FEC261} = {46E95599-0364-466D-9DF2-2E56A6FEC261}
	EndProjectSection
EndProject
Project("{8BC9CEB8-8B4A-11D0-8D11-00A0C91BC942}") = "ZERO_CHECK", "..\ZERO_CHECK.vcxproj", "{46E95599-0364-466D-9DF2-2E56A6FEC261}"
	ProjectSection(ProjectDependencies) = postProject
	EndProjectSection
EndProject
Project("{8BC9CEB8-8B4A-11D0-8D11-00A0C91BC942}") = "application_osgarchive", "osgarchive\application_osgarchive.vcxproj", "{15957EC8-AD96-4233-BA77-384DDE91039D}"
	ProjectSection(ProjectDependencies) = postProject
		{44391EE7-4D43-4F8A-A981-FE1F9DDE2952} = {44391EE7-4D43-4F8A-A981-FE1F9DDE2952}
		{46E95599-0364-466D-9DF2-2E56A6FEC261} = {46E95599-0364-466D-9DF2-2E56A6FEC261}
		{5C87E6F7-7E71-428F-9142-474F4B0FAC14} = {5C87E6F7-7E71-428F-9142-474F4B0FAC14}
		{C366B098-7194-40D3-BBA5-9DE6BA8CAA1E} = {C366B098-7194-40D3-BBA5-9DE6BA8CAA1E}
		{43985A95-CE8C-4782-B51D-612920F9B1AA} = {43985A95-CE8C-4782-B51D-612920F9B1AA}
		{C80F1C13-E51D-44EC-A7C4-8FB4DBA0E326} = {C80F1C13-E51D-44EC-A7C4-8FB4DBA0E326}
		{AD8A5F6A-9ACE-4B3B-AF18-4A43028F36C7} = {AD8A5F6A-9ACE-4B3B-AF18-4A43028F36C7}
		{33F3C6B8-2DEA-4A9D-91C4-84BB3AF344C6} = {33F3C6B8-2DEA-4A9D-91C4-84BB3AF344C6}
	EndProjectSection
EndProject
Project("{8BC9CEB8-8B4A-11D0-8D11-00A0C91BC942}") = "application_osgconv", "osgconv\application_osgconv.vcxproj", "{188F1BDB-C347-47FC-8FD3-797F7095A688}"
	ProjectSection(ProjectDependencies) = postProject
		{44391EE7-4D43-4F8A-A981-FE1F9DDE2952} = {44391EE7-4D43-4F8A-A981-FE1F9DDE2952}
		{46E95599-0364-466D-9DF2-2E56A6FEC261} = {46E95599-0364-466D-9DF2-2E56A6FEC261}
		{5C87E6F7-7E71-428F-9142-474F4B0FAC14} = {5C87E6F7-7E71-428F-9142-474F4B0FAC14}
		{C366B098-7194-40D3-BBA5-9DE6BA8CAA1E} = {C366B098-7194-40D3-BBA5-9DE6BA8CAA1E}
		{43985A95-CE8C-4782-B51D-612920F9B1AA} = {43985A95-CE8C-4782-B51D-612920F9B1AA}
		{C80F1C13-E51D-44EC-A7C4-8FB4DBA0E326} = {C80F1C13-E51D-44EC-A7C4-8FB4DBA0E326}
		{AD8A5F6A-9ACE-4B3B-AF18-4A43028F36C7} = {AD8A5F6A-9ACE-4B3B-AF18-4A43028F36C7}
		{33F3C6B8-2DEA-4A9D-91C4-84BB3AF344C6} = {33F3C6B8-2DEA-4A9D-91C4-84BB3AF344C6}
	EndProjectSection
EndProject
Project("{8BC9CEB8-8B4A-11D0-8D11-00A0C91BC942}") = "application_osgfilecache", "osgfilecache\application_osgfilecache.vcxproj", "{C5A873AC-160F-4309-A644-BB70ED410128}"
	ProjectSection(ProjectDependencies) = postProject
		{44391EE7-4D43-4F8A-A981-FE1F9DDE2952} = {44391EE7-4D43-4F8A-A981-FE1F9DDE2952}
		{46E95599-0364-466D-9DF2-2E56A6FEC261} = {46E95599-0364-466D-9DF2-2E56A6FEC261}
		{5C87E6F7-7E71-428F-9142-474F4B0FAC14} = {5C87E6F7-7E71-428F-9142-474F4B0FAC14}
		{C366B098-7194-40D3-BBA5-9DE6BA8CAA1E} = {C366B098-7194-40D3-BBA5-9DE6BA8CAA1E}
		{43985A95-CE8C-4782-B51D-612920F9B1AA} = {43985A95-CE8C-4782-B51D-612920F9B1AA}
		{C553D5AC-FAED-489A-80A1-95DA74AD0A8A} = {C553D5AC-FAED-489A-80A1-95DA74AD0A8A}
		{C80F1C13-E51D-44EC-A7C4-8FB4DBA0E326} = {C80F1C13-E51D-44EC-A7C4-8FB4DBA0E326}
		{AD8A5F6A-9ACE-4B3B-AF18-4A43028F36C7} = {AD8A5F6A-9ACE-4B3B-AF18-4A43028F36C7}
		{33F3C6B8-2DEA-4A9D-91C4-84BB3AF344C6} = {33F3C6B8-2DEA-4A9D-91C4-84BB3AF344C6}
	EndProjectSection
EndProject
Project("{8BC9CEB8-8B4A-11D0-8D11-00A0C91BC942}") = "application_osgversion", "osgversion\application_osgversion.vcxproj", "{BD657BDC-974E-400F-B530-BBB7D28EFC54}"
	ProjectSection(ProjectDependencies) = postProject
		{44391EE7-4D43-4F8A-A981-FE1F9DDE2952} = {44391EE7-4D43-4F8A-A981-FE1F9DDE2952}
		{46E95599-0364-466D-9DF2-2E56A6FEC261} = {46E95599-0364-466D-9DF2-2E56A6FEC261}
		{5C87E6F7-7E71-428F-9142-474F4B0FAC14} = {5C87E6F7-7E71-428F-9142-474F4B0FAC14}
		{C366B098-7194-40D3-BBA5-9DE6BA8CAA1E} = {C366B098-7194-40D3-BBA5-9DE6BA8CAA1E}
		{AD8A5F6A-9ACE-4B3B-AF18-4A43028F36C7} = {AD8A5F6A-9ACE-4B3B-AF18-4A43028F36C7}
	EndProjectSection
EndProject
Project("{8BC9CEB8-8B4A-11D0-8D11-00A0C91BC942}") = "application_osgviewer", "osgviewer\application_osgviewer.vcxproj", "{F53B0281-1E56-438F-830C-2F2EE7C7CD55}"
	ProjectSection(ProjectDependencies) = postProject
		{44391EE7-4D43-4F8A-A981-FE1F9DDE2952} = {44391EE7-4D43-4F8A-A981-FE1F9DDE2952}
		{46E95599-0364-466D-9DF2-2E56A6FEC261} = {46E95599-0364-466D-9DF2-2E56A6FEC261}
		{5C87E6F7-7E71-428F-9142-474F4B0FAC14} = {5C87E6F7-7E71-428F-9142-474F4B0FAC14}
		{C366B098-7194-40D3-BBA5-9DE6BA8CAA1E} = {C366B098-7194-40D3-BBA5-9DE6BA8CAA1E}
		{43985A95-CE8C-4782-B51D-612920F9B1AA} = {43985A95-CE8C-4782-B51D-612920F9B1AA}
		{C80F1C13-E51D-44EC-A7C4-8FB4DBA0E326} = {C80F1C13-E51D-44EC-A7C4-8FB4DBA0E326}
		{AD8A5F6A-9ACE-4B3B-AF18-4A43028F36C7} = {AD8A5F6A-9ACE-4B3B-AF18-4A43028F36C7}
		{33F3C6B8-2DEA-4A9D-91C4-84BB3AF344C6} = {33F3C6B8-2DEA-4A9D-91C4-84BB3AF344C6}
	EndProjectSection
EndProject
Project("{8BC9CEB8-8B4A-11D0-8D11-00A0C91BC942}") = "application_present3D", "present3D\application_present3D.vcxproj", "{8C4EE993-1B0F-4D05-B372-507A3B3C12B0}"
	ProjectSection(ProjectDependencies) = postProject
		{44391EE7-4D43-4F8A-A981-FE1F9DDE2952} = {44391EE7-4D43-4F8A-A981-FE1F9DDE2952}
		{46E95599-0364-466D-9DF2-2E56A6FEC261} = {46E95599-0364-466D-9DF2-2E56A6FEC261}
		{5C87E6F7-7E71-428F-9142-474F4B0FAC14} = {5C87E6F7-7E71-428F-9142-474F4B0FAC14}
		{C366B098-7194-40D3-BBA5-9DE6BA8CAA1E} = {C366B098-7194-40D3-BBA5-9DE6BA8CAA1E}
		{155FD811-8C97-4E94-9E1F-FE8511F5F067} = {155FD811-8C97-4E94-9E1F-FE8511F5F067}
		{43985A95-CE8C-4782-B51D-612920F9B1AA} = {43985A95-CE8C-4782-B51D-612920F9B1AA}
		{631B48C3-DA3D-4D83-B469-9A0309A4D3A5} = {631B48C3-DA3D-4D83-B469-9A0309A4D3A5}
		{FA54F75C-C824-47FA-969C-4C79F725F10C} = {FA54F75C-C824-47FA-969C-4C79F725F10C}
		{C80F1C13-E51D-44EC-A7C4-8FB4DBA0E326} = {C80F1C13-E51D-44EC-A7C4-8FB4DBA0E326}
		{6F4F36CB-5CC1-44B4-862C-4948DCC94559} = {6F4F36CB-5CC1-44B4-862C-4948DCC94559}
		{AD8A5F6A-9ACE-4B3B-AF18-4A43028F36C7} = {AD8A5F6A-9ACE-4B3B-AF18-4A43028F36C7}
		{33F3C6B8-2DEA-4A9D-91C4-84BB3AF344C6} = {33F3C6B8-2DEA-4A9D-91C4-84BB3AF344C6}
		{BFC9A109-C321-42F5-A6DA-112CE7C0028D} = {BFC9A109-C321-42F5-A6DA-112CE7C0028D}
		{1F9124D9-375A-49C5-AA54-E131C9870B00} = {1F9124D9-375A-49C5-AA54-E131C9870B00}
	EndProjectSection
EndProject
Project("{8BC9CEB8-8B4A-11D0-8D11-00A0C91BC942}") = "osg", "..\src\osg\osg.vcxproj", "{5C87E6F7-7E71-428F-9142-474F4B0FAC14}"
	ProjectSection(ProjectDependencies) = postProject
		{44391EE7-4D43-4F8A-A981-FE1F9DDE2952} = {44391EE7-4D43-4F8A-A981-FE1F9DDE2952}
		{46E95599-0364-466D-9DF2-2E56A6FEC261} = {46E95599-0364-466D-9DF2-2E56A6FEC261}
	EndProjectSection
EndProject
Project("{8BC9CEB8-8B4A-11D0-8D11-00A0C91BC942}") = "osgDB", "..\src\osgDB\osgDB.vcxproj", "{C366B098-7194-40D3-BBA5-9DE6BA8CAA1E}"
	ProjectSection(ProjectDependencies) = postProject
		{44391EE7-4D43-4F8A-A981-FE1F9DDE2952} = {44391EE7-4D43-4F8A-A981-FE1F9DDE2952}
		{46E95599-0364-466D-9DF2-2E56A6FEC261} = {46E95599-0364-466D-9DF2-2E56A6FEC261}
		{5C87E6F7-7E71-428F-9142-474F4B0FAC14} = {5C87E6F7-7E71-428F-9142-474F4B0FAC14}
		{AD8A5F6A-9ACE-4B3B-AF18-4A43028F36C7} = {AD8A5F6A-9ACE-4B3B-AF18-4A43028F36C7}
	EndProjectSection
EndProject
Project("{8BC9CEB8-8B4A-11D0-8D11-00A0C91BC942}") = "osgFX", "..\src\osgFX\osgFX.vcxproj", "{155FD811-8C97-4E94-9E1F-FE8511F5F067}"
	ProjectSection(ProjectDependencies) = postProject
		{44391EE7-4D43-4F8A-A981-FE1F9DDE2952} = {44391EE7-4D43-4F8A-A981-FE1F9DDE2952}
		{46E95599-0364-466D-9DF2-2E56A6FEC261} = {46E95599-0364-466D-9DF2-2E56A6FEC261}
		{5C87E6F7-7E71-428F-9142-474F4B0FAC14} = {5C87E6F7-7E71-428F-9142-474F4B0FAC14}
		{C366B098-7194-40D3-BBA5-9DE6BA8CAA1E} = {C366B098-7194-40D3-BBA5-9DE6BA8CAA1E}
		{AD8A5F6A-9ACE-4B3B-AF18-4A43028F36C7} = {AD8A5F6A-9ACE-4B3B-AF18-4A43028F36C7}
	EndProjectSection
EndProject
Project("{8BC9CEB8-8B4A-11D0-8D11-00A0C91BC942}") = "osgGA", "..\src\osgGA\osgGA.vcxproj", "{43985A95-CE8C-4782-B51D-612920F9B1AA}"
	ProjectSection(ProjectDependencies) = postProject
		{44391EE7-4D43-4F8A-A981-FE1F9DDE2952} = {44391EE7-4D43-4F8A-A981-FE1F9DDE2952}
		{46E95599-0364-466D-9DF2-2E56A6FEC261} = {46E95599-0364-466D-9DF2-2E56A6FEC261}
		{5C87E6F7-7E71-428F-9142-474F4B0FAC14} = {5C87E6F7-7E71-428F-9142-474F4B0FAC14}
		{C366B098-7194-40D3-BBA5-9DE6BA8CAA1E} = {C366B098-7194-40D3-BBA5-9DE6BA8CAA1E}
		{AD8A5F6A-9ACE-4B3B-AF18-4A43028F36C7} = {AD8A5F6A-9ACE-4B3B-AF18-4A43028F36C7}
	EndProjectSection
EndProject
Project("{8BC9CEB8-8B4A-11D0-8D11-00A0C91BC942}") = "osgManipulator", "..\src\osgManipulator\osgManipulator.vcxproj", "{631B48C3-DA3D-4D83-B469-9A0309A4D3A5}"
	ProjectSection(ProjectDependencies) = postProject
		{44391EE7-4D43-4F8A-A981-FE1F9DDE2952} = {44391EE7-4D43-4F8A-A981-FE1F9DDE2952}
		{46E95599-0364-466D-9DF2-2E56A6FEC261} = {46E95599-0364-466D-9DF2-2E56A6FEC261}
		{5C87E6F7-7E71-428F-9142-474F4B0FAC14} = {5C87E6F7-7E71-428F-9142-474F4B0FAC14}
		{C366B098-7194-40D3-BBA5-9DE6BA8CAA1E} = {C366B098-7194-40D3-BBA5-9DE6BA8CAA1E}
		{43985A95-CE8C-4782-B51D-612920F9B1AA} = {43985A95-CE8C-4782-B51D-612920F9B1AA}
		{C80F1C13-E51D-44EC-A7C4-8FB4DBA0E326} = {C80F1C13-E51D-44EC-A7C4-8FB4DBA0E326}
		{AD8A5F6A-9ACE-4B3B-AF18-4A43028F36C7} = {AD8A5F6A-9ACE-4B3B-AF18-4A43028F36C7}
		{33F3C6B8-2DEA-4A9D-91C4-84BB3AF344C6} = {33F3C6B8-2DEA-4A9D-91C4-84BB3AF344C6}
	EndProjectSection
EndProject
Project("{8BC9CEB8-8B4A-11D0-8D11-00A0C91BC942}") = "osgPresentation", "..\src\osgPresentation\osgPresentation.vcxproj", "{FA54F75C-C824-47FA-969C-4C79F725F10C}"
	ProjectSection(ProjectDependencies) = postProject
		{44391EE7-4D43-4F8A-A981-FE1F9DDE2952} = {44391EE7-4D43-4F8A-A981-FE1F9DDE2952}
		{46E95599-0364-466D-9DF2-2E56A6FEC261} = {46E95599-0364-466D-9DF2-2E56A6FEC261}
		{5C87E6F7-7E71-428F-9142-474F4B0FAC14} = {5C87E6F7-7E71-428F-9142-474F4B0FAC14}
		{C366B098-7194-40D3-BBA5-9DE6BA8CAA1E} = {C366B098-7194-40D3-BBA5-9DE6BA8CAA1E}
		{155FD811-8C97-4E94-9E1F-FE8511F5F067} = {155FD811-8C97-4E94-9E1F-FE8511F5F067}
		{43985A95-CE8C-4782-B51D-612920F9B1AA} = {43985A95-CE8C-4782-B51D-612920F9B1AA}
		{631B48C3-DA3D-4D83-B469-9A0309A4D3A5} = {631B48C3-DA3D-4D83-B469-9A0309A4D3A5}
		{C80F1C13-E51D-44EC-A7C4-8FB4DBA0E326} = {C80F1C13-E51D-44EC-A7C4-8FB4DBA0E326}
		{6F4F36CB-5CC1-44B4-862C-4948DCC94559} = {6F4F36CB-5CC1-44B4-862C-4948DCC94559}
		{AD8A5F6A-9ACE-4B3B-AF18-4A43028F36C7} = {AD8A5F6A-9ACE-4B3B-AF18-4A43028F36C7}
		{33F3C6B8-2DEA-4A9D-91C4-84BB3AF344C6} = {33F3C6B8-2DEA-4A9D-91C4-84BB3AF344C6}
		{BFC9A109-C321-42F5-A6DA-112CE7C0028D} = {BFC9A109-C321-42F5-A6DA-112CE7C0028D}
		{1F9124D9-375A-49C5-AA54-E131C9870B00} = {1F9124D9-375A-49C5-AA54-E131C9870B00}
	EndProjectSection
EndProject
Project("{8BC9CEB8-8B4A-11D0-8D11-00A0C91BC942}") = "osgTerrain", "..\src\osgTerrain\osgTerrain.vcxproj", "{C553D5AC-FAED-489A-80A1-95DA74AD0A8A}"
	ProjectSection(ProjectDependencies) = postProject
		{44391EE7-4D43-4F8A-A981-FE1F9DDE2952} = {44391EE7-4D43-4F8A-A981-FE1F9DDE2952}
		{46E95599-0364-466D-9DF2-2E56A6FEC261} = {46E95599-0364-466D-9DF2-2E56A6FEC261}
		{5C87E6F7-7E71-428F-9142-474F4B0FAC14} = {5C87E6F7-7E71-428F-9142-474F4B0FAC14}
		{C366B098-7194-40D3-BBA5-9DE6BA8CAA1E} = {C366B098-7194-40D3-BBA5-9DE6BA8CAA1E}
		{AD8A5F6A-9ACE-4B3B-AF18-4A43028F36C7} = {AD8A5F6A-9ACE-4B3B-AF18-4A43028F36C7}
	EndProjectSection
EndProject
Project("{8BC9CEB8-8B4A-11D0-8D11-00A0C91BC942}") = "osgText", "..\src\osgText\osgText.vcxproj", "{C80F1C13-E51D-44EC-A7C4-8FB4DBA0E326}"
	ProjectSection(ProjectDependencies) = postProject
		{44391EE7-4D43-4F8A-A981-FE1F9DDE2952} = {44391EE7-4D43-4F8A-A981-FE1F9DDE2952}
		{46E95599-0364-466D-9DF2-2E56A6FEC261} = {46E95599-0364-466D-9DF2-2E56A6FEC261}
		{5C87E6F7-7E71-428F-9142-474F4B0FAC14} = {5C87E6F7-7E71-428F-9142-474F4B0FAC14}
		{C366B098-7194-40D3-BBA5-9DE6BA8CAA1E} = {C366B098-7194-40D3-BBA5-9DE6BA8CAA1E}
		{AD8A5F6A-9ACE-4B3B-AF18-4A43028F36C7} = {AD8A5F6A-9ACE-4B3B-AF18-4A43028F36C7}
	EndProjectSection
EndProject
Project("{8BC9CEB8-8B4A-11D0-8D11-00A0C91BC942}") = "osgUI", "..\src\osgUI\osgUI.vcxproj", "{6F4F36CB-5CC1-44B4-862C-4948DCC94559}"
	ProjectSection(ProjectDependencies) = postProject
		{44391EE7-4D43-4F8A-A981-FE1F9DDE2952} = {44391EE7-4D43-4F8A-A981-FE1F9DDE2952}
		{46E95599-0364-466D-9DF2-2E56A6FEC261} = {46E95599-0364-466D-9DF2-2E56A6FEC261}
		{5C87E6F7-7E71-428F-9142-474F4B0FAC14} = {5C87E6F7-7E71-428F-9142-474F4B0FAC14}
		{C366B098-7194-40D3-BBA5-9DE6BA8CAA1E} = {C366B098-7194-40D3-BBA5-9DE6BA8CAA1E}
		{43985A95-CE8C-4782-B51D-612920F9B1AA} = {43985A95-CE8C-4782-B51D-612920F9B1AA}
		{C80F1C13-E51D-44EC-A7C4-8FB4DBA0E326} = {C80F1C13-E51D-44EC-A7C4-8FB4DBA0E326}
		{AD8A5F6A-9ACE-4B3B-AF18-4A43028F36C7} = {AD8A5F6A-9ACE-4B3B-AF18-4A43028F36C7}
		{33F3C6B8-2DEA-4A9D-91C4-84BB3AF344C6} = {33F3C6B8-2DEA-4A9D-91C4-84BB3AF344C6}
	EndProjectSection
EndProject
Project("{8BC9CEB8-8B4A-11D0-8D11-00A0C91BC942}") = "osgUtil", "..\src\osgUtil\osgUtil.vcxproj", "{AD8A5F6A-9ACE-4B3B-AF18-4A43028F36C7}"
	ProjectSection(ProjectDependencies) = postProject
		{44391EE7-4D43-4F8A-A981-FE1F9DDE2952} = {44391EE7-4D43-4F8A-A981-FE1F9DDE2952}
		{46E95599-0364-466D-9DF2-2E56A6FEC261} = {46E95599-0364-466D-9DF2-2E56A6FEC261}
		{5C87E6F7-7E71-428F-9142-474F4B0FAC14} = {5C87E6F7-7E71-428F-9142-474F4B0FAC14}
	EndProjectSection
EndProject
Project("{8BC9CEB8-8B4A-11D0-8D11-00A0C91BC942}") = "osgViewer", "..\src\osgViewer\osgViewer.vcxproj", "{33F3C6B8-2DEA-4A9D-91C4-84BB3AF344C6}"
	ProjectSection(ProjectDependencies) = postProject
		{44391EE7-4D43-4F8A-A981-FE1F9DDE2952} = {44391EE7-4D43-4F8A-A981-FE1F9DDE2952}
		{46E95599-0364-466D-9DF2-2E56A6FEC261} = {46E95599-0364-466D-9DF2-2E56A6FEC261}
		{5C87E6F7-7E71-428F-9142-474F4B0FAC14} = {5C87E6F7-7E71-428F-9142-474F4B0FAC14}
		{C366B098-7194-40D3-BBA5-9DE6BA8CAA1E} = {C366B098-7194-40D3-BBA5-9DE6BA8CAA1E}
		{43985A95-CE8C-4782-B51D-612920F9B1AA} = {43985A95-CE8C-4782-B51D-612920F9B1AA}
		{C80F1C13-E51D-44EC-A7C4-8FB4DBA0E326} = {C80F1C13-E51D-44EC-A7C4-8FB4DBA0E326}
		{AD8A5F6A-9ACE-4B3B-AF18-4A43028F36C7} = {AD8A5F6A-9ACE-4B3B-AF18-4A43028F36C7}
	EndProjectSection
EndProject
Project("{8BC9CEB8-8B4A-11D0-8D11-00A0C91BC942}") = "osgVolume", "..\src\osgVolume\osgVolume.vcxproj", "{BFC9A109-C321-42F5-A6DA-112CE7C0028D}"
	ProjectSection(ProjectDependencies) = postProject
		{44391EE7-4D43-4F8A-A981-FE1F9DDE2952} = {44391EE7-4D43-4F8A-A981-FE1F9DDE2952}
		{46E95599-0364-466D-9DF2-2E56A6FEC261} = {46E95599-0364-466D-9DF2-2E56A6FEC261}
		{5C87E6F7-7E71-428F-9142-474F4B0FAC14} = {5C87E6F7-7E71-428F-9142-474F4B0FAC14}
		{C366B098-7194-40D3-BBA5-9DE6BA8CAA1E} = {C366B098-7194-40D3-BBA5-9DE6BA8CAA1E}
		{43985A95-CE8C-4782-B51D-612920F9B1AA} = {43985A95-CE8C-4782-B51D-612920F9B1AA}
		{AD8A5F6A-9ACE-4B3B-AF18-4A43028F36C7} = {AD8A5F6A-9ACE-4B3B-AF18-4A43028F36C7}
	EndProjectSection
EndProject
Project("{8BC9CEB8-8B4A-11D0-8D11-00A0C91BC942}") = "osgWidget", "..\src\osgWidget\osgWidget.vcxproj", "{1F9124D9-375A-49C5-AA54-E131C9870B00}"
	ProjectSection(ProjectDependencies) = postProject
		{44391EE7-4D43-4F8A-A981-FE1F9DDE2952} = {44391EE7-4D43-4F8A-A981-FE1F9DDE2952}
		{46E95599-0364-466D-9DF2-2E56A6FEC261} = {46E95599-0364-466D-9DF2-2E56A6FEC261}
		{5C87E6F7-7E71-428F-9142-474F4B0FAC14} = {5C87E6F7-7E71-428F-9142-474F4B0FAC14}
		{C366B098-7194-40D3-BBA5-9DE6BA8CAA1E} = {C366B098-7194-40D3-BBA5-9DE6BA8CAA1E}
		{43985A95-CE8C-4782-B51D-612920F9B1AA} = {43985A95-CE8C-4782-B51D-612920F9B1AA}
		{C80F1C13-E51D-44EC-A7C4-8FB4DBA0E326} = {C80F1C13-E51D-44EC-A7C4-8FB4DBA0E326}
		{AD8A5F6A-9ACE-4B3B-AF18-4A43028F36C7} = {AD8A5F6A-9ACE-4B3B-AF18-4A43028F36C7}
		{33F3C6B8-2DEA-4A9D-91C4-84BB3AF344C6} = {33F3C6B8-2DEA-4A9D-91C4-84BB3AF344C6}
	EndProjectSection
EndProject
Project("{2150E333-8FDC-42A3-9474-1A3956D46DE8}") = "Applications", "Applications", "{966F3018-B6FF-47D8-B3BE-B0A72BB3BA95}"
EndProject
Project("{2150E333-8FDC-42A3-9474-1A3956D46DE8}") = "CMakePredefinedTargets", "CMakePredefinedTargets", "{57B3FECD-E795-487E-A041-816AADD8D752}"
EndProject
Project("{2150E333-8FDC-42A3-9474-1A3956D46DE8}") = "OSG Core", "OSG Core", "{AF39104B-6025-4C01-B467-3505D1B4C4ED}"
EndProject
Global
	GlobalSection(SolutionConfigurationPlatforms) = preSolution
		Debug|Win32 = Debug|Win32
		Release|Win32 = Release|Win32
		MinSizeRel|Win32 = MinSizeRel|Win32
		RelWithDebInfo|Win32 = RelWithDebInfo|Win32
	EndGlobalSection
	GlobalSection(ProjectConfigurationPlatforms) = postSolution
		{10BB4C80-5A05-4FB9-B0AC-7567EE863E07}.Debug|Win32.ActiveCfg = Debug|Win32
		{10BB4C80-5A05-4FB9-B0AC-7567EE863E07}.Debug|Win32.Build.0 = Debug|Win32
		{10BB4C80-5A05-4FB9-B0AC-7567EE863E07}.Release|Win32.ActiveCfg = Release|Win32
		{10BB4C80-5A05-4FB9-B0AC-7567EE863E07}.Release|Win32.Build.0 = Release|Win32
		{10BB4C80-5A05-4FB9-B0AC-7567EE863E07}.MinSizeRel|Win32.ActiveCfg = MinSizeRel|Win32
		{10BB4C80-5A05-4FB9-B0AC-7567EE863E07}.MinSizeRel|Win32.Build.0 = MinSizeRel|Win32
		{10BB4C80-5A05-4FB9-B0AC-7567EE863E07}.RelWithDebInfo|Win32.ActiveCfg = RelWithDebInfo|Win32
		{10BB4C80-5A05-4FB9-B0AC-7567EE863E07}.RelWithDebInfo|Win32.Build.0 = RelWithDebInfo|Win32
		{839FC998-1474-4375-83BA-EBCE1875E461}.Debug|Win32.ActiveCfg = Debug|Win32
		{839FC998-1474-4375-83BA-EBCE1875E461}.Release|Win32.ActiveCfg = Release|Win32
		{839FC998-1474-4375-83BA-EBCE1875E461}.MinSizeRel|Win32.ActiveCfg = MinSizeRel|Win32
		{839FC998-1474-4375-83BA-EBCE1875E461}.RelWithDebInfo|Win32.ActiveCfg = RelWithDebInfo|Win32
		{44391EE7-4D43-4F8A-A981-FE1F9DDE2952}.Debug|Win32.ActiveCfg = Debug|Win32
		{44391EE7-4D43-4F8A-A981-FE1F9DDE2952}.Debug|Win32.Build.0 = Debug|Win32
		{44391EE7-4D43-4F8A-A981-FE1F9DDE2952}.Release|Win32.ActiveCfg = Release|Win32
		{44391EE7-4D43-4F8A-A981-FE1F9DDE2952}.Release|Win32.Build.0 = Release|Win32
		{44391EE7-4D43-4F8A-A981-FE1F9DDE2952}.MinSizeRel|Win32.ActiveCfg = MinSizeRel|Win32
		{44391EE7-4D43-4F8A-A981-FE1F9DDE2952}.MinSizeRel|Win32.Build.0 = MinSizeRel|Win32
		{44391EE7-4D43-4F8A-A981-FE1F9DDE2952}.RelWithDebInfo|Win32.ActiveCfg = RelWithDebInfo|Win32
		{44391EE7-4D43-4F8A-A981-FE1F9DDE2952}.RelWithDebInfo|Win32.Build.0 = RelWithDebInfo|Win32
		{46E95599-0364-466D-9DF2-2E56A6FEC261}.Debug|Win32.ActiveCfg = Debug|Win32
		{46E95599-0364-466D-9DF2-2E56A6FEC261}.Debug|Win32.Build.0 = Debug|Win32
		{46E95599-0364-466D-9DF2-2E56A6FEC261}.Release|Win32.ActiveCfg = Release|Win32
		{46E95599-0364-466D-9DF2-2E56A6FEC261}.Release|Win32.Build.0 = Release|Win32
		{46E95599-0364-466D-9DF2-2E56A6FEC261}.MinSizeRel|Win32.ActiveCfg = MinSizeRel|Win32
		{46E95599-0364-466D-9DF2-2E56A6FEC261}.MinSizeRel|Win32.Build.0 = MinSizeRel|Win32
		{46E95599-0364-466D-9DF2-2E56A6FEC261}.RelWithDebInfo|Win32.ActiveCfg = RelWithDebInfo|Win32
		{46E95599-0364-466D-9DF2-2E56A6FEC261}.RelWithDebInfo|Win32.Build.0 = RelWithDebInfo|Win32
		{15957EC8-AD96-4233-BA77-384DDE91039D}.Debug|Win32.ActiveCfg = Debug|Win32
		{15957EC8-AD96-4233-BA77-384DDE91039D}.Debug|Win32.Build.0 = Debug|Win32
		{15957EC8-AD96-4233-BA77-384DDE91039D}.Release|Win32.ActiveCfg = Release|Win32
		{15957EC8-AD96-4233-BA77-384DDE91039D}.Release|Win32.Build.0 = Release|Win32
		{15957EC8-AD96-4233-BA77-384DDE91039D}.MinSizeRel|Win32.ActiveCfg = MinSizeRel|Win32
		{15957EC8-AD96-4233-BA77-384DDE91039D}.MinSizeRel|Win32.Build.0 = MinSizeRel|Win32
		{15957EC8-AD96-4233-BA77-384DDE91039D}.RelWithDebInfo|Win32.ActiveCfg = RelWithDebInfo|Win32
		{15957EC8-AD96-4233-BA77-384DDE91039D}.RelWithDebInfo|Win32.Build.0 = RelWithDebInfo|Win32
		{188F1BDB-C347-47FC-8FD3-797F7095A688}.Debug|Win32.ActiveCfg = Debug|Win32
		{188F1BDB-C347-47FC-8FD3-797F7095A688}.Debug|Win32.Build.0 = Debug|Win32
		{188F1BDB-C347-47FC-8FD3-797F7095A688}.Release|Win32.ActiveCfg = Release|Win32
		{188F1BDB-C347-47FC-8FD3-797F7095A688}.Release|Win32.Build.0 = Release|Win32
		{188F1BDB-C347-47FC-8FD3-797F7095A688}.MinSizeRel|Win32.ActiveCfg = MinSizeRel|Win32
		{188F1BDB-C347-47FC-8FD3-797F7095A688}.MinSizeRel|Win32.Build.0 = MinSizeRel|Win32
		{188F1BDB-C347-47FC-8FD3-797F7095A688}.RelWithDebInfo|Win32.ActiveCfg = RelWithDebInfo|Win32
		{188F1BDB-C347-47FC-8FD3-797F7095A688}.RelWithDebInfo|Win32.Build.0 = RelWithDebInfo|Win32
		{C5A873AC-160F-4309-A644-BB70ED410128}.Debug|Win32.ActiveCfg = Debug|Win32
		{C5A873AC-160F-4309-A644-BB70ED410128}.Debug|Win32.Build.0 = Debug|Win32
		{C5A873AC-160F-4309-A644-BB70ED410128}.Release|Win32.ActiveCfg = Release|Win32
		{C5A873AC-160F-4309-A644-BB70ED410128}.Release|Win32.Build.0 = Release|Win32
		{C5A873AC-160F-4309-A644-BB70ED410128}.MinSizeRel|Win32.ActiveCfg = MinSizeRel|Win32
		{C5A873AC-160F-4309-A644-BB70ED410128}.MinSizeRel|Win32.Build.0 = MinSizeRel|Win32
		{C5A873AC-160F-4309-A644-BB70ED410128}.RelWithDebInfo|Win32.ActiveCfg = RelWithDebInfo|Win32
		{C5A873AC-160F-4309-A644-BB70ED410128}.RelWithDebInfo|Win32.Build.0 = RelWithDebInfo|Win32
		{BD657BDC-974E-400F-B530-BBB7D28EFC54}.Debug|Win32.ActiveCfg = Debug|Win32
		{BD657BDC-974E-400F-B530-BBB7D28EFC54}.Debug|Win32.Build.0 = Debug|Win32
		{BD657BDC-974E-400F-B530-BBB7D28EFC54}.Release|Win32.ActiveCfg = Release|Win32
		{BD657BDC-974E-400F-B530-BBB7D28EFC54}.Release|Win32.Build.0 = Release|Win32
		{BD657BDC-974E-400F-B530-BBB7D28EFC54}.MinSizeRel|Win32.ActiveCfg = MinSizeRel|Win32
		{BD657BDC-974E-400F-B530-BBB7D28EFC54}.MinSizeRel|Win32.Build.0 = MinSizeRel|Win32
		{BD657BDC-974E-400F-B530-BBB7D28EFC54}.RelWithDebInfo|Win32.ActiveCfg = RelWithDebInfo|Win32
		{BD657BDC-974E-400F-B530-BBB7D28EFC54}.RelWithDebInfo|Win32.Build.0 = RelWithDebInfo|Win32
		{F53B0281-1E56-438F-830C-2F2EE7C7CD55}.Debug|Win32.ActiveCfg = Debug|Win32
		{F53B0281-1E56-438F-830C-2F2EE7C7CD55}.Debug|Win32.Build.0 = Debug|Win32
		{F53B0281-1E56-438F-830C-2F2EE7C7CD55}.Release|Win32.ActiveCfg = Release|Win32
		{F53B0281-1E56-438F-830C-2F2EE7C7CD55}.Release|Win32.Build.0 = Release|Win32
		{F53B0281-1E56-438F-830C-2F2EE7C7CD55}.MinSizeRel|Win32.ActiveCfg = MinSizeRel|Win32
		{F53B0281-1E56-438F-830C-2F2EE7C7CD55}.MinSizeRel|Win32.Build.0 = MinSizeRel|Win32
		{F53B0281-1E56-438F-830C-2F2EE7C7CD55}.RelWithDebInfo|Win32.ActiveCfg = RelWithDebInfo|Win32
		{F53B0281-1E56-438F-830C-2F2EE7C7CD55}.RelWithDebInfo|Win32.Build.0 = RelWithDebInfo|Win32
		{8C4EE993-1B0F-4D05-B372-507A3B3C12B0}.Debug|Win32.ActiveCfg = Debug|Win32
		{8C4EE993-1B0F-4D05-B372-507A3B3C12B0}.Debug|Win32.Build.0 = Debug|Win32
		{8C4EE993-1B0F-4D05-B372-507A3B3C12B0}.Release|Win32.ActiveCfg = Release|Win32
		{8C4EE993-1B0F-4D05-B372-507A3B3C12B0}.Release|Win32.Build.0 = Release|Win32
		{8C4EE993-1B0F-4D05-B372-507A3B3C12B0}.MinSizeRel|Win32.ActiveCfg = MinSizeRel|Win32
		{8C4EE993-1B0F-4D05-B372-507A3B3C12B0}.MinSizeRel|Win32.Build.0 = MinSizeRel|Win32
		{8C4EE993-1B0F-4D05-B372-507A3B3C12B0}.RelWithDebInfo|Win32.ActiveCfg = RelWithDebInfo|Win32
		{8C4EE993-1B0F-4D05-B372-507A3B3C12B0}.RelWithDebInfo|Win32.Build.0 = RelWithDebInfo|Win32
		{5C87E6F7-7E71-428F-9142-474F4B0FAC14}.Debug|Win32.ActiveCfg = Debug|Win32
		{5C87E6F7-7E71-428F-9142-474F4B0FAC14}.Debug|Win32.Build.0 = Debug|Win32
		{5C87E6F7-7E71-428F-9142-474F4B0FAC14}.Release|Win32.ActiveCfg = Release|Win32
		{5C87E6F7-7E71-428F-9142-474F4B0FAC14}.Release|Win32.Build.0 = Release|Win32
		{5C87E6F7-7E71-428F-9142-474F4B0FAC14}.MinSizeRel|Win32.ActiveCfg = MinSizeRel|Win32
		{5C87E6F7-7E71-428F-9142-474F4B0FAC14}.MinSizeRel|Win32.Build.0 = MinSizeRel|Win32
		{5C87E6F7-7E71-428F-9142-474F4B0FAC14}.RelWithDebInfo|Win32.ActiveCfg = RelWithDebInfo|Win32
		{5C87E6F7-7E71-428F-9142-474F4B0FAC14}.RelWithDebInfo|Win32.Build.0 = RelWithDebInfo|Win32
		{C366B098-7194-40D3-BBA5-9DE6BA8CAA1E}.Debug|Win32.ActiveCfg = Debug|Win32
		{C366B098-7194-40D3-BBA5-9DE6BA8CAA1E}.Debug|Win32.Build.0 = Debug|Win32
		{C366B098-7194-40D3-BBA5-9DE6BA8CAA1E}.Release|Win32.ActiveCfg = Release|Win32
		{C366B098-7194-40D3-BBA5-9DE6BA8CAA1E}.Release|Win32.Build.0 = Release|Win32
		{C366B098-7194-40D3-BBA5-9DE6BA8CAA1E}.MinSizeRel|Win32.ActiveCfg = MinSizeRel|Win32
		{C366B098-7194-40D3-BBA5-9DE6BA8CAA1E}.MinSizeRel|Win32.Build.0 = MinSizeRel|Win32
		{C366B098-7194-40D3-BBA5-9DE6BA8CAA1E}.RelWithDebInfo|Win32.ActiveCfg = RelWithDebInfo|Win32
		{C366B098-7194-40D3-BBA5-9DE6BA8CAA1E}.RelWithDebInfo|Win32.Build.0 = RelWithDebInfo|Win32
		{155FD811-8C97-4E94-9E1F-FE8511F5F067}.Debug|Win32.ActiveCfg = Debug|Win32
		{155FD811-8C97-4E94-9E1F-FE8511F5F067}.Debug|Win32.Build.0 = Debug|Win32
		{155FD811-8C97-4E94-9E1F-FE8511F5F067}.Release|Win32.ActiveCfg = Release|Win32
		{155FD811-8C97-4E94-9E1F-FE8511F5F067}.Release|Win32.Build.0 = Release|Win32
		{155FD811-8C97-4E94-9E1F-FE8511F5F067}.MinSizeRel|Win32.ActiveCfg = MinSizeRel|Win32
		{155FD811-8C97-4E94-9E1F-FE8511F5F067}.MinSizeRel|Win32.Build.0 = MinSizeRel|Win32
		{155FD811-8C97-4E94-9E1F-FE8511F5F067}.RelWithDebInfo|Win32.ActiveCfg = RelWithDebInfo|Win32
		{155FD811-8C97-4E94-9E1F-FE8511F5F067}.RelWithDebInfo|Win32.Build.0 = RelWithDebInfo|Win32
		{43985A95-CE8C-4782-B51D-612920F9B1AA}.Debug|Win32.ActiveCfg = Debug|Win32
		{43985A95-CE8C-4782-B51D-612920F9B1AA}.Debug|Win32.Build.0 = Debug|Win32
		{43985A95-CE8C-4782-B51D-612920F9B1AA}.Release|Win32.ActiveCfg = Release|Win32
		{43985A95-CE8C-4782-B51D-612920F9B1AA}.Release|Win32.Build.0 = Release|Win32
		{43985A95-CE8C-4782-B51D-612920F9B1AA}.MinSizeRel|Win32.ActiveCfg = MinSizeRel|Win32
		{43985A95-CE8C-4782-B51D-612920F9B1AA}.MinSizeRel|Win32.Build.0 = MinSizeRel|Win32
		{43985A95-CE8C-4782-B51D-612920F9B1AA}.RelWithDebInfo|Win32.ActiveCfg = RelWithDebInfo|Win32
		{43985A95-CE8C-4782-B51D-612920F9B1AA}.RelWithDebInfo|Win32.Build.0 = RelWithDebInfo|Win32
		{631B48C3-DA3D-4D83-B469-9A0309A4D3A5}.Debug|Win32.ActiveCfg = Debug|Win32
		{631B48C3-DA3D-4D83-B469-9A0309A4D3A5}.Debug|Win32.Build.0 = Debug|Win32
		{631B48C3-DA3D-4D83-B469-9A0309A4D3A5}.Release|Win32.ActiveCfg = Release|Win32
		{631B48C3-DA3D-4D83-B469-9A0309A4D3A5}.Release|Win32.Build.0 = Release|Win32
		{631B48C3-DA3D-4D83-B469-9A0309A4D3A5}.MinSizeRel|Win32.ActiveCfg = MinSizeRel|Win32
		{631B48C3-DA3D-4D83-B469-9A0309A4D3A5}.MinSizeRel|Win32.Build.0 = MinSizeRel|Win32
		{631B48C3-DA3D-4D83-B469-9A0309A4D3A5}.RelWithDebInfo|Win32.ActiveCfg = RelWithDebInfo|Win32
		{631B48C3-DA3D-4D83-B469-9A0309A4D3A5}.RelWithDebInfo|Win32.Build.0 = RelWithDebInfo|Win32
		{FA54F75C-C824-47FA-969C-4C79F725F10C}.Debug|Win32.ActiveCfg = Debug|Win32
		{FA54F75C-C824-47FA-969C-4C79F725F10C}.Debug|Win32.Build.0 = Debug|Win32
		{FA54F75C-C824-47FA-969C-4C79F725F10C}.Release|Win32.ActiveCfg = Release|Win32
		{FA54F75C-C824-47FA-969C-4C79F725F10C}.Release|Win32.Build.0 = Release|Win32
		{FA54F75C-C824-47FA-969C-4C79F725F10C}.MinSizeRel|Win32.ActiveCfg = MinSizeRel|Win32
		{FA54F75C-C824-47FA-969C-4C79F725F10C}.MinSizeRel|Win32.Build.0 = MinSizeRel|Win32
		{FA54F75C-C824-47FA-969C-4C79F725F10C}.RelWithDebInfo|Win32.ActiveCfg = RelWithDebInfo|Win32
		{FA54F75C-C824-47FA-969C-4C79F725F10C}.RelWithDebInfo|Win32.Build.0 = RelWithDebInfo|Win32
		{C553D5AC-FAED-489A-80A1-95DA74AD0A8A}.Debug|Win32.ActiveCfg = Debug|Win32
		{C553D5AC-FAED-489A-80A1-95DA74AD0A8A}.Debug|Win32.Build.0 = Debug|Win32
		{C553D5AC-FAED-489A-80A1-95DA74AD0A8A}.Release|Win32.ActiveCfg = Release|Win32
		{C553D5AC-FAED-489A-80A1-95DA74AD0A8A}.Release|Win32.Build.0 = Release|Win32
		{C553D5AC-FAED-489A-80A1-95DA74AD0A8A}.MinSizeRel|Win32.ActiveCfg = MinSizeRel|Win32
		{C553D5AC-FAED-489A-80A1-95DA74AD0A8A}.MinSizeRel|Win32.Build.0 = MinSizeRel|Win32
		{C553D5AC-FAED-489A-80A1-95DA74AD0A8A}.RelWithDebInfo|Win32.ActiveCfg = RelWithDebInfo|Win32
		{C553D5AC-FAED-489A-80A1-95DA74AD0A8A}.RelWithDebInfo|Win32.Build.0 = RelWithDebInfo|Win32
		{C80F1C13-E51D-44EC-A7C4-8FB4DBA0E326}.Debug|Win32.ActiveCfg = Debug|Win32
		{C80F1C13-E51D-44EC-A7C4-8FB4DBA0E326}.Debug|Win32.Build.0 = Debug|Win32
		{C80F1C13-E51D-44EC-A7C4-8FB4DBA0E326}.Release|Win32.ActiveCfg = Release|Win32
		{C80F1C13-E51D-44EC-A7C4-8FB4DBA0E326}.Release|Win32.Build.0 = Release|Win32
		{C80F1C13-E51D-44EC-A7C4-8FB4DBA0E326}.MinSizeRel|Win32.ActiveCfg = MinSizeRel|Win32
		{C80F1C13-E51D-44EC-A7C4-8FB4DBA0E326}.MinSizeRel|Win32.Build.0 = MinSizeRel|Win32
		{C80F1C13-E51D-44EC-A7C4-8FB4DBA0E326}.RelWithDebInfo|Win32.ActiveCfg = RelWithDebInfo|Win32
		{C80F1C13-E51D-44EC-A7C4-8FB4DBA0E326}.RelWithDebInfo|Win32.Build.0 = RelWithDebInfo|Win32
		{6F4F36CB-5CC1-44B4-862C-4948DCC94559}.Debug|Win32.ActiveCfg = Debug|Win32
		{6F4F36CB-5CC1-44B4-862C-4948DCC94559}.Debug|Win32.Build.0 = Debug|Win32
		{6F4F36CB-5CC1-44B4-862C-4948DCC94559}.Release|Win32.ActiveCfg = Release|Win32
		{6F4F36CB-5CC1-44B4-862C-4948DCC94559}.Release|Win32.Build.0 = Release|Win32
		{6F4F36CB-5CC1-44B4-862C-4948DCC94559}.MinSizeRel|Win32.ActiveCfg = MinSizeRel|Win32
		{6F4F36CB-5CC1-44B4-862C-4948DCC94559}.MinSizeRel|Win32.Build.0 = MinSizeRel|Win32
		{6F4F36CB-5CC1-44B4-862C-4948DCC94559}.RelWithDebInfo|Win32.ActiveCfg = RelWithDebInfo|Win32
		{6F4F36CB-5CC1-44B4-862C-4948DCC94559}.RelWithDebInfo|Win32.Build.0 = RelWithDebInfo|Win32
		{AD8A5F6A-9ACE-4B3B-AF18-4A43028F36C7}.Debug|Win32.ActiveCfg = Debug|Win32
		{AD8A5F6A-9ACE-4B3B-AF18-4A43028F36C7}.Debug|Win32.Build.0 = Debug|Win32
		{AD8A5F6A-9ACE-4B3B-AF18-4A43028F36C7}.Release|Win32.ActiveCfg = Release|Win32
		{AD8A5F6A-9ACE-4B3B-AF18-4A43028F36C7}.Release|Win32.Build.0 = Release|Win32
		{AD8A5F6A-9ACE-4B3B-AF18-4A43028F36C7}.MinSizeRel|Win32.ActiveCfg = MinSizeRel|Win32
		{AD8A5F6A-9ACE-4B3B-AF18-4A43028F36C7}.MinSizeRel|Win32.Build.0 = MinSizeRel|Win32
		{AD8A5F6A-9ACE-4B3B-AF18-4A43028F36C7}.RelWithDebInfo|Win32.ActiveCfg = RelWithDebInfo|Win32
		{AD8A5F6A-9ACE-4B3B-AF18-4A43028F36C7}.RelWithDebInfo|Win32.Build.0 = RelWithDebInfo|Win32
		{33F3C6B8-2DEA-4A9D-91C4-84BB3AF344C6}.Debug|Win32.ActiveCfg = Debug|Win32
		{33F3C6B8-2DEA-4A9D-91C4-84BB3AF344C6}.Debug|Win32.Build.0 = Debug|Win32
		{33F3C6B8-2DEA-4A9D-91C4-84BB3AF344C6}.Release|Win32.ActiveCfg = Release|Win32
		{33F3C6B8-2DEA-4A9D-91C4-84BB3AF344C6}.Release|Win32.Build.0 = Release|Win32
		{33F3C6B8-2DEA-4A9D-91C4-84BB3AF344C6}.MinSizeRel|Win32.ActiveCfg = MinSizeRel|Win32
		{33F3C6B8-2DEA-4A9D-91C4-84BB3AF344C6}.MinSizeRel|Win32.Build.0 = MinSizeRel|Win32
		{33F3C6B8-2DEA-4A9D-91C4-84BB3AF344C6}.RelWithDebInfo|Win32.ActiveCfg = RelWithDebInfo|Win32
		{33F3C6B8-2DEA-4A9D-91C4-84BB3AF344C6}.RelWithDebInfo|Win32.Build.0 = RelWithDebInfo|Win32
		{BFC9A109-C321-42F5-A6DA-112CE7C0028D}.Debug|Win32.ActiveCfg = Debug|Win32
		{BFC9A109-C321-42F5-A6DA-112CE7C0028D}.Debug|Win32.Build.0 = Debug|Win32
		{BFC9A109-C321-42F5-A6DA-112CE7C0028D}.Release|Win32.ActiveCfg = Release|Win32
		{BFC9A109-C321-42F5-A6DA-112CE7C0028D}.Release|Win32.Build.0 = Release|Win32
		{BFC9A109-C321-42F5-A6DA-112CE7C0028D}.MinSizeRel|Win32.ActiveCfg = MinSizeRel|Win32
		{BFC9A109-C321-42F5-A6DA-112CE7C0028D}.MinSizeRel|Win32.Build.0 = MinSizeRel|Win32
		{BFC9A109-C321-42F5-A6DA-112CE7C0028D}.RelWithDebInfo|Win32.ActiveCfg = RelWithDebInfo|Win32
		{BFC9A109-C321-42F5-A6DA-112CE7C0028D}.RelWithDebInfo|Win32.Build.0 = RelWithDebInfo|Win32
		{1F9124D9-375A-49C5-AA54-E131C9870B00}.Debug|Win32.ActiveCfg = Debug|Win32
		{1F9124D9-375A-49C5-AA54-E131C9870B00}.Debug|Win32.Build.0 = Debug|Win32
		{1F9124D9-375A-49C5-AA54-E131C9870B00}.Release|Win32.ActiveCfg = Release|Win32
		{1F9124D9-375A-49C5-AA54-E131C9870B00}.Release|Win32.Build.0 = Release|Win32
		{1F9124D9-375A-49C5-AA54-E131C9870B00}.MinSizeRel|Win32.ActiveCfg = MinSizeRel|Win32
		{1F9124D9-375A-49C5-AA54-E131C9870B00}.MinSizeRel|Win32.Build.0 = MinSizeRel|Win32
		{1F9124D9-375A-49C5-AA54-E131C9870B00}.RelWithDebInfo|Win32.ActiveCfg = RelWithDebInfo|Win32
		{1F9124D9-375A-49C5-AA54-E131C9870B00}.RelWithDebInfo|Win32.Build.0 = RelWithDebInfo|Win32
	EndGlobalSection
	GlobalSection(NestedProjects) = preSolution
		{15957EC8-AD96-4233-BA77-384DDE91039D} = {966F3018-B6FF-47D8-B3BE-B0A72BB3BA95}
		{188F1BDB-C347-47FC-8FD3-797F7095A688} = {966F3018-B6FF-47D8-B3BE-B0A72BB3BA95}
		{C5A873AC-160F-4309-A644-BB70ED410128} = {966F3018-B6FF-47D8-B3BE-B0A72BB3BA95}
		{BD657BDC-974E-400F-B530-BBB7D28EFC54} = {966F3018-B6FF-47D8-B3BE-B0A72BB3BA95}
		{F53B0281-1E56-438F-830C-2F2EE7C7CD55} = {966F3018-B6FF-47D8-B3BE-B0A72BB3BA95}
		{8C4EE993-1B0F-4D05-B372-507A3B3C12B0} = {966F3018-B6FF-47D8-B3BE-B0A72BB3BA95}
		{839FC998-1474-4375-83BA-EBCE1875E461} = {57B3FECD-E795-487E-A041-816AADD8D752}
		{46E95599-0364-466D-9DF2-2E56A6FEC261} = {57B3FECD-E795-487E-A041-816AADD8D752}
		{44391EE7-4D43-4F8A-A981-FE1F9DDE2952} = {AF39104B-6025-4C01-B467-3505D1B4C4ED}
		{5C87E6F7-7E71-428F-9142-474F4B0FAC14} = {AF39104B-6025-4C01-B467-3505D1B4C4ED}
		{C366B098-7194-40D3-BBA5-9DE6BA8CAA1E} = {AF39104B-6025-4C01-B467-3505D1B4C4ED}
		{155FD811-8C97-4E94-9E1F-FE8511F5F067} = {AF39104B-6025-4C01-B467-3505D1B4C4ED}
		{43985A95-CE8C-4782-B51D-612920F9B1AA} = {AF39104B-6025-4C01-B467-3505D1B4C4ED}
		{631B48C3-DA3D-4D83-B469-9A0309A4D3A5} = {AF39104B-6025-4C01-B467-3505D1B4C4ED}
		{FA54F75C-C824-47FA-969C-4C79F725F10C} = {AF39104B-6025-4C01-B467-3505D1B4C4ED}
		{C553D5AC-FAED-489A-80A1-95DA74AD0A8A} = {AF39104B-6025-4C01-B467-3505D1B4C4ED}
		{C80F1C13-E51D-44EC-A7C4-8FB4DBA0E326} = {AF39104B-6025-4C01-B467-3505D1B4C4ED}
		{6F4F36CB-5CC1-44B4-862C-4948DCC94559} = {AF39104B-6025-4C01-B467-3505D1B4C4ED}
		{AD8A5F6A-9ACE-4B3B-AF18-4A43028F36C7} = {AF39104B-6025-4C01-B467-3505D1B4C4ED}
		{33F3C6B8-2DEA-4A9D-91C4-84BB3AF344C6} = {AF39104B-6025-4C01-B467-3505D1B4C4ED}
		{BFC9A109-C321-42F5-A6DA-112CE7C0028D} = {AF39104B-6025-4C01-B467-3505D1B4C4ED}
		{1F9124D9-375A-49C5-AA54-E131C9870B00} = {AF39104B-6025-4C01-B467-3505D1B4C4ED}
	EndGlobalSection
	GlobalSection(ExtensibilityGlobals) = postSolution
	EndGlobalSection
	GlobalSection(ExtensibilityAddIns) = postSolution
	EndGlobalSection
EndGlobal
