<?xml version="1.0" encoding="utf-8"?>
<Project ToolsVersion="12.0" xmlns="http://schemas.microsoft.com/developer/msbuild/2003">
  <ItemGroup>
    <CustomBuild Include="..\..\..\..\CMakeFiles\93bbe8c80e5da84990650c09013f1ada\INSTALL_force.rule">
      <Filter>CMake Rules</Filter>
    </CustomBuild>
  </ItemGroup>
  <ItemGroup>
    <Filter Include="CMake Rules">
      <UniqueIdentifier>{BB144AC6-1032-44AB-B1BC-97A5C4F784E9}</UniqueIdentifier>
    </Filter>
  </ItemGroup>
</Project>
